// !$*UTF8*$!
{
	archiveVersion = 1;
	classes = {
	};
	objectVersion = 48;
	objects = {

/* Begin PBXBuildFile section */
		0315F800DA7B7CB4CB54D127 /* inkLevelController.cpp in Sources */ = {isa = PBXBuildFile; fileRef = 7A31D62C5800DB5822D77FC3 /* inkLevelController.cpp */; };
		1CD33E884D9E3358252E82A1 /* ofxToggle.cpp in Sources */ = {isa = PBXBuildFile; fileRef = 907C5B5E104864A2D3A25745 /* ofxToggle.cpp */; };
		1D60589F0D05DD5A006BFB54 /* Foundation.framework in Frameworks */ = {isa = PBXBuildFile; fileRef = 1D30AB110D05D00D00671497 /* Foundation.framework */; };
		1DF5F4E00D08C38300B7A737 /* UIKit.framework in Frameworks */ = {isa = PBXBuildFile; fileRef = 1DF5F4DF0D08C38300B7A737 /* UIKit.framework */; };
		21812B9CB139F29A038DB2F6 /* inkComponent.cpp in Sources */ = {isa = PBXBuildFile; fileRef = DCC1219AA267FAF896528DA1 /* inkComponent.cpp */; };
		288765FD0DF74451002DB57D /* CoreGraphics.framework in Frameworks */ = {isa = PBXBuildFile; fileRef = 288765FC0DF74451002DB57D /* CoreGraphics.framework */; };
		4166D6A6757F613CED499577 /* ftDrawForce.cpp in Sources */ = {isa = PBXBuildFile; fileRef = 6A092AB6F7172A3547F3C6E4 /* ftDrawForce.cpp */; };
		43997DE3EA50F4FC06C65045 /* inkDefenseComponent.cpp in Sources */ = {isa = PBXBuildFile; fileRef = ED1A55D3A92616E15C5BBB1A /* inkDefenseComponent.cpp */; };
		483908258D00B98B4BE69F07 /* ofxLabel.cpp in Sources */ = {isa = PBXBuildFile; fileRef = 78D67A00EB899FAC09430597 /* ofxLabel.cpp */; };
		5326AEA810A23A0500278DE6 /* CoreLocation.framework in Frameworks */ = {isa = PBXBuildFile; fileRef = 5326AEA710A23A0500278DE6 /* CoreLocation.framework */; };
		53F323EB10A20EDB00E0DAE4 /* OpenAL.framework in Frameworks */ = {isa = PBXBuildFile; fileRef = 53F323EA10A20EDB00E0DAE4 /* OpenAL.framework */; };
		54FAC54E7E1116A49955101E /* ftOpticalFlow.cpp in Sources */ = {isa = PBXBuildFile; fileRef = AD4BAB412F2EAE29DEEF7D5E /* ftOpticalFlow.cpp */; };
		5C3CD715C7DD152BBCE0AC53 /* inkApp.cpp in Sources */ = {isa = PBXBuildFile; fileRef = B44A09A363C9011257EEB176 /* inkApp.cpp */; };
		5CBB2AB3A60F65431D7B555D /* ofxButton.cpp in Sources */ = {isa = PBXBuildFile; fileRef = C88333E71C9457E441C33474 /* ofxButton.cpp */; };
		678E130817951530005B6D19 /* Icon@2x.png in Resources */ = {isa = PBXBuildFile; fileRef = 678E130717951530005B6D19 /* Icon@2x.png */; };
		678E130A17951536005B6D19 /* Icon.png in Resources */ = {isa = PBXBuildFile; fileRef = 678E130917951536005B6D19 /* Icon.png */; };
		678E130C1795153C005B6D19 /* Default.png in Resources */ = {isa = PBXBuildFile; fileRef = 678E130B1795153C005B6D19 /* Default.png */; };
		678E130E17951540005B6D19 /* Default@2x.png in Resources */ = {isa = PBXBuildFile; fileRef = 678E130D17951540005B6D19 /* Default@2x.png */; };
		678E131017951549005B6D19 /* Default-568h@2x~iphone.png in Resources */ = {isa = PBXBuildFile; fileRef = 678E130F17951549005B6D19 /* Default-568h@2x~iphone.png */; };
		67DFA53619F92A69003B3434 /* Accelerate.framework in Frameworks */ = {isa = PBXBuildFile; fileRef = 67DFA53419F92A5E003B3434 /* Accelerate.framework */; };
		6FA4BC90998A8D5D8AD28E8C /* inkMain.cpp in Sources */ = {isa = PBXBuildFile; fileRef = 27D4F3A2D25707470CF63C7B /* inkMain.cpp */; };
		77FBBEE103C3E71E8C9510E0 /* ftParticleFlow.cpp in Sources */ = {isa = PBXBuildFile; fileRef = EC4179AA42E82A975E5EDC50 /* ftParticleFlow.cpp */; };
		837220E80EB56CD44AD27F2A /* ofxSlider.cpp in Sources */ = {isa = PBXBuildFile; fileRef = 15F2C6477A769C03A56D1401 /* ofxSlider.cpp */; };
		852D5F1D4F511DAD0B1EAE47 /* inkGameObject.cpp in Sources */ = {isa = PBXBuildFile; fileRef = 0248A9B7497138343531EAA3 /* inkGameObject.cpp */; };
		856AA354D08AB4B323081444 /* ofxBaseGui.cpp in Sources */ = {isa = PBXBuildFile; fileRef = 9604B925D32EE39065747725 /* ofxBaseGui.cpp */; };
		883C990C60510C207742B8A4 /* inkXMacros.cpp in Sources */ = {isa = PBXBuildFile; fileRef = BF99901A3C3E3111D8D61A96 /* inkXMacros.cpp */; };
		8D93E3741E93E376006925EF /* .gitkeep in Resources */ = {isa = PBXBuildFile; fileRef = 8D93E34B1E93E376006925EF /* .gitkeep */; };
		8D93E3751E93E376006925EF /* Default-568h@2x~iphone.png in Resources */ = {isa = PBXBuildFile; fileRef = 8D93E34C1E93E376006925EF /* Default-568h@2x~iphone.png */; };
		8D93E3761E93E376006925EF /* Default.png in Resources */ = {isa = PBXBuildFile; fileRef = 8D93E34D1E93E376006925EF /* Default.png */; };
		8D93E3771E93E376006925EF /* Default@2x.png in Resources */ = {isa = PBXBuildFile; fileRef = 8D93E34E1E93E376006925EF /* Default@2x.png */; };
		8D93E3781E93E376006925EF /* Default@2x~ipad.png in Resources */ = {isa = PBXBuildFile; fileRef = 8D93E34F1E93E376006925EF /* Default@2x~ipad.png */; };
		8D93E3791E93E376006925EF /* Default@2x~iphone.png in Resources */ = {isa = PBXBuildFile; fileRef = 8D93E3501E93E376006925EF /* Default@2x~iphone.png */; };
		8D93E37A1E93E376006925EF /* Default~ipad.png in Resources */ = {isa = PBXBuildFile; fileRef = 8D93E3511E93E376006925EF /* Default~ipad.png */; };
		8D93E37B1E93E376006925EF /* Default~iphone.png in Resources */ = {isa = PBXBuildFile; fileRef = 8D93E3521E93E376006925EF /* Default~iphone.png */; };
		8D93E37C1E93E376006925EF /* Icon-72.png in Resources */ = {isa = PBXBuildFile; fileRef = 8D93E3531E93E376006925EF /* Icon-72.png */; };
		8D93E37D1E93E376006925EF /* Icon-72@2x.png in Resources */ = {isa = PBXBuildFile; fileRef = 8D93E3541E93E376006925EF /* Icon-72@2x.png */; };
		8D93E37E1E93E376006925EF /* Icon.png in Resources */ = {isa = PBXBuildFile; fileRef = 8D93E3551E93E376006925EF /* Icon.png */; };
		8D93E37F1E93E376006925EF /* Icon@2x.png in Resources */ = {isa = PBXBuildFile; fileRef = 8D93E3561E93E376006925EF /* Icon@2x.png */; };
		8D93E3931E93E376006925EF /* inkling.png in Resources */ = {isa = PBXBuildFile; fileRef = 8D93E36B1E93E376006925EF /* inkling.png */; };
		8D93E3C11E94C816006925EF /* alum.jpg in Resources */ = {isa = PBXBuildFile; fileRef = 8D93E39B1E94C816006925EF /* alum.jpg */; };
		8D93E3C21E94C816006925EF /* alum2.jpg in Resources */ = {isa = PBXBuildFile; fileRef = 8D93E39C1E94C816006925EF /* alum2.jpg */; };
		8D93E3C31E94C816006925EF /* alum3.jpg in Resources */ = {isa = PBXBuildFile; fileRef = 8D93E39D1E94C816006925EF /* alum3.jpg */; };
		8D93E3CB1E94C816006925EF /* end_screen.png in Resources */ = {isa = PBXBuildFile; fileRef = 8D93E3A51E94C816006925EF /* end_screen.png */; };
		8D93E3CC1E94C816006925EF /* enemy_bullet.png in Resources */ = {isa = PBXBuildFile; fileRef = 8D93E3A61E94C816006925EF /* enemy_bullet.png */; };
		8D93E3CD1E94C816006925EF /* enemy0.png in Resources */ = {isa = PBXBuildFile; fileRef = 8D93E3A71E94C816006925EF /* enemy0.png */; };
		8D93E3CE1E94C816006925EF /* Gota_Light.otf in Resources */ = {isa = PBXBuildFile; fileRef = 8D93E3A81E94C816006925EF /* Gota_Light.otf */; };
		8D93E3CF1E94C816006925EF /* grain.jpg in Resources */ = {isa = PBXBuildFile; fileRef = 8D93E3A91E94C816006925EF /* grain.jpg */; };
		8D93E3D01E94C816006925EF /* grain2.jpg in Resources */ = {isa = PBXBuildFile; fileRef = 8D93E3AA1E94C816006925EF /* grain2.jpg */; };
		8D93E3D61E94C816006925EF /* life_image.png in Resources */ = {isa = PBXBuildFile; fileRef = 8D93E3B01E94C816006925EF /* life_image.png */; };
		8D93E3D71E94C816006925EF /* pinning.jpg in Resources */ = {isa = PBXBuildFile; fileRef = 8D93E3B11E94C816006925EF /* pinning.jpg */; };
		8D93E3D81E94C816006925EF /* pinning2.jpg in Resources */ = {isa = PBXBuildFile; fileRef = 8D93E3B21E94C816006925EF /* pinning2.jpg */; };
		8D93E3D91E94C816006925EF /* player_bullet.png in Resources */ = {isa = PBXBuildFile; fileRef = 8D93E3B31E94C816006925EF /* player_bullet.png */; };
		8D93E3DA1E94C816006925EF /* player.png in Resources */ = {isa = PBXBuildFile; fileRef = 8D93E3B41E94C816006925EF /* player.png */; };
		8D93E3DB1E94C816006925EF /* spriteSheet.png in Resources */ = {isa = PBXBuildFile; fileRef = 8D93E3B51E94C816006925EF /* spriteSheet.png */; };
		8D93E3DC1E94C816006925EF /* start_screen.png in Resources */ = {isa = PBXBuildFile; fileRef = 8D93E3B61E94C816006925EF /* start_screen.png */; };
		8D93E3DD1E94C816006925EF /* test1.png in Resources */ = {isa = PBXBuildFile; fileRef = 8D93E3B71E94C816006925EF /* test1.png */; };
		8D93E3DE1E94C816006925EF /* test2.png in Resources */ = {isa = PBXBuildFile; fileRef = 8D93E3B81E94C816006925EF /* test2.png */; };
		8D93E3DF1E94C816006925EF /* test3.png in Resources */ = {isa = PBXBuildFile; fileRef = 8D93E3B91E94C816006925EF /* test3.png */; };
		8D93E3E01E94C816006925EF /* test4.png in Resources */ = {isa = PBXBuildFile; fileRef = 8D93E3BA1E94C816006925EF /* test4.png */; };
		8D93E3E11E94C816006925EF /* test5.png in Resources */ = {isa = PBXBuildFile; fileRef = 8D93E3BB1E94C816006925EF /* test5.png */; };
		8D93E3E21E94C816006925EF /* test6.png in Resources */ = {isa = PBXBuildFile; fileRef = 8D93E3BC1E94C816006925EF /* test6.png */; };
		8D93E3E31E94C816006925EF /* test7.png in Resources */ = {isa = PBXBuildFile; fileRef = 8D93E3BD1E94C816006925EF /* test7.png */; };
		8D93E3E41E94C816006925EF /* test8.png in Resources */ = {isa = PBXBuildFile; fileRef = 8D93E3BE1E94C816006925EF /* test8.png */; };
		8D93E3E51E94C816006925EF /* test9.png in Resources */ = {isa = PBXBuildFile; fileRef = 8D93E3BF1E94C816006925EF /* test9.png */; };
		8D93E3E61E94C816006925EF /* test10.png in Resources */ = {isa = PBXBuildFile; fileRef = 8D93E3C01E94C816006925EF /* test10.png */; };
		8EA04B616D228D22AEC6C9C8 /* ftAverageVelocity.cpp in Sources */ = {isa = PBXBuildFile; fileRef = 5250BCAC86C0139070F38127 /* ftAverageVelocity.cpp */; };
		9199A1F799437E1064918393 /* ftDrawInputForces.cpp in Sources */ = {isa = PBXBuildFile; fileRef = 9B6622367727C75AC19BB37E /* ftDrawInputForces.cpp */; };
		AFBC335CC80DC27DCC9E70D7 /* ftFluidSimulation.cpp in Sources */ = {isa = PBXBuildFile; fileRef = 66EA260B157526C716077F8A /* ftFluidSimulation.cpp */; };
		B266578FC55D23BFEBC042E7 /* ofxGuiGroup.cpp in Sources */ = {isa = PBXBuildFile; fileRef = ECF8674C7975F1063C5E30CA /* ofxGuiGroup.cpp */; };
		B56FE57CC35806596D38118C /* ofxSliderGroup.cpp in Sources */ = {isa = PBXBuildFile; fileRef = 802251BAF1B35B1D67B32FD0 /* ofxSliderGroup.cpp */; };
		B93BDC34E50D0ECB4744B90E /* inkOffenseComponent.cpp in Sources */ = {isa = PBXBuildFile; fileRef = ADB1559259D66D4E0C50BC13 /* inkOffenseComponent.cpp */; };
		BB16EBD20F2B2A9500518274 /* OpenGLES.framework in Frameworks */ = {isa = PBXBuildFile; fileRef = BB16EBD10F2B2A9500518274 /* OpenGLES.framework */; };
		BB16EBD90F2B2AB500518274 /* QuartzCore.framework in Frameworks */ = {isa = PBXBuildFile; fileRef = BB16EBD80F2B2AB500518274 /* QuartzCore.framework */; };
		BBE5EAB80F49AD8400F28951 /* AudioToolbox.framework in Frameworks */ = {isa = PBXBuildFile; fileRef = BBE5EAB70F49AD8400F28951 /* AudioToolbox.framework */; };
		CAA40FB3589E69560E0FE98D /* inkSpriteComponent.cpp in Sources */ = {isa = PBXBuildFile; fileRef = B1077448F056D357A3606ED4 /* inkSpriteComponent.cpp */; };
		D1C26E826A2EA39A4D25FF84 /* ftVelocityMask.cpp in Sources */ = {isa = PBXBuildFile; fileRef = 6591B66F774811D0B071DDB7 /* ftVelocityMask.cpp */; };
		E41D400B13B39D2100A75A5D /* AVFoundation.framework in Frameworks */ = {isa = PBXBuildFile; fileRef = E41D400613B39D2100A75A5D /* AVFoundation.framework */; };
		E41D400C13B39D2100A75A5D /* CoreMedia.framework in Frameworks */ = {isa = PBXBuildFile; fileRef = E41D400713B39D2100A75A5D /* CoreMedia.framework */; };
		E41D400D13B39D2100A75A5D /* CoreVideo.framework in Frameworks */ = {isa = PBXBuildFile; fileRef = E41D400813B39D2100A75A5D /* CoreVideo.framework */; };
		E41D400E13B39D2100A75A5D /* MapKit.framework in Frameworks */ = {isa = PBXBuildFile; fileRef = E41D400913B39D2100A75A5D /* MapKit.framework */; };
		E41D421413B3A95300A75A5D /* libofxiOS_iphoneos_Debug.a in Frameworks */ = {isa = PBXBuildFile; fileRef = E41D410213B3A0D800A75A5D /* libofxiOS_iphoneos_Debug.a */; };
		E4D8936E11527B74007E1F53 /* main.mm in Sources */ = {isa = PBXBuildFile; fileRef = E4D8936B11527B74007E1F53 /* main.mm */; };
		E4D8936F11527B74007E1F53 /* ofApp.mm in Sources */ = {isa = PBXBuildFile; fileRef = E4D8936D11527B74007E1F53 /* ofApp.mm */; };
		EA4D64CEEDE66ADC4ECB126B /* ftSvAverage.cpp in Sources */ = {isa = PBXBuildFile; fileRef = 490DBF834A87068D2C3395A1 /* ftSvAverage.cpp */; };
		EAFC3EAB31D95004857773E4 /* inkCharacterController.cpp in Sources */ = {isa = PBXBuildFile; fileRef = B81909C859879BA6051A3B00 /* inkCharacterController.cpp */; };
		F285EB3169F1566CA3D93C20 /* ofxPanel.cpp in Sources */ = {isa = PBXBuildFile; fileRef = E112B3AEBEA2C091BF2B40AE /* ofxPanel.cpp */; };
		FC9470B83E4E565BC7A4DF51 /* inkController.cpp in Sources */ = {isa = PBXBuildFile; fileRef = 3247B0A271D44A8D719EAA2B /* inkController.cpp */; };
/* End PBXBuildFile section */

/* Begin PBXContainerItemProxy section */
		E41D410113B3A0D800A75A5D /* PBXContainerItemProxy */ = {
			isa = PBXContainerItemProxy;
			containerPortal = E41D40FD13B3A0D800A75A5D /* iOS+OFLib.xcodeproj */;
			proxyType = 2;
			remoteGlobalIDString = BB24DED610DA7A3F00E9C588;
			remoteInfo = "iPhone+OF Static Library";
		};
		E41D410313B3A11300A75A5D /* PBXContainerItemProxy */ = {
			isa = PBXContainerItemProxy;
			containerPortal = E41D40FD13B3A0D800A75A5D /* iOS+OFLib.xcodeproj */;
			proxyType = 1;
			remoteGlobalIDString = BB24DE5C10DA7A3F00E9C588;
			remoteInfo = "iPhone+OF Static Library";
		};
/* End PBXContainerItemProxy section */

/* Begin PBXFileReference section */
		0080BFF7A479DD5E499B9AC3 /* ftNormalizationShader.h */ = {isa = PBXFileReference; explicitFileType = sourcecode.c.h; fileEncoding = 30; name = ftNormalizationShader.h; path = ../../../addons/ofxFlowTools/src/tools/ftNormalizationShader.h; sourceTree = SOURCE_ROOT; };
		0248A9B7497138343531EAA3 /* inkGameObject.cpp */ = {isa = PBXFileReference; explicitFileType = sourcecode.cpp.cpp; fileEncoding = 30; name = inkGameObject.cpp; path = src/inkGameObject.cpp; sourceTree = SOURCE_ROOT; };
		04CE6A84FA111F88EB08CDAA /* ftOpticalFlowShader.h */ = {isa = PBXFileReference; explicitFileType = sourcecode.c.h; fileEncoding = 30; name = ftOpticalFlowShader.h; path = ../../../addons/ofxFlowTools/src/opticalflow/ftOpticalFlowShader.h; sourceTree = SOURCE_ROOT; };
		06B28F74819034CA8C6F2225 /* ftSvField.h */ = {isa = PBXFileReference; explicitFileType = sourcecode.c.h; fileEncoding = 30; name = ftSvField.h; path = ../../../addons/ofxFlowTools/src/splitvelocity/ftSvField.h; sourceTree = SOURCE_ROOT; };
		07818DEA3E42B969F242F634 /* ftTemperatureField.h */ = {isa = PBXFileReference; explicitFileType = sourcecode.c.h; fileEncoding = 30; name = ftTemperatureField.h; path = ../../../addons/ofxFlowTools/src/visualisation/ftTemperatureField.h; sourceTree = SOURCE_ROOT; };
		0A1DAC09F322AE313A40706D /* ofxToggle.h */ = {isa = PBXFileReference; explicitFileType = sourcecode.c.h; fileEncoding = 30; name = ofxToggle.h; path = ../../../addons/ofxGui/src/ofxToggle.h; sourceTree = SOURCE_ROOT; };
		0BBA336B8C15DA35D6CE4F8F /* inkSpriteComponent.h */ = {isa = PBXFileReference; explicitFileType = sourcecode.c.h; fileEncoding = 30; name = inkSpriteComponent.h; path = src/inkSpriteComponent.h; sourceTree = SOURCE_ROOT; };
		0D418D07961710BA2605389F /* ftVelocityField.h */ = {isa = PBXFileReference; explicitFileType = sourcecode.c.h; fileEncoding = 30; name = ftVelocityField.h; path = ../../../addons/ofxFlowTools/src/visualisation/ftVelocityField.h; sourceTree = SOURCE_ROOT; };
		108835D5CFACDC64648502F4 /* ftSvFieldShader.h */ = {isa = PBXFileReference; explicitFileType = sourcecode.c.h; fileEncoding = 30; name = ftSvFieldShader.h; path = ../../../addons/ofxFlowTools/src/splitvelocity/ftSvFieldShader.h; sourceTree = SOURCE_ROOT; };
		141AF1017959EBF9939C1BD1 /* ftVelocitySpheresShader.h */ = {isa = PBXFileReference; explicitFileType = sourcecode.c.h; fileEncoding = 30; name = ftVelocitySpheresShader.h; path = ../../../addons/ofxFlowTools/src/visualisation/ftVelocitySpheresShader.h; sourceTree = SOURCE_ROOT; };
		15F2C6477A769C03A56D1401 /* ofxSlider.cpp */ = {isa = PBXFileReference; explicitFileType = sourcecode.cpp.cpp; fileEncoding = 30; name = ofxSlider.cpp; path = ../../../addons/ofxGui/src/ofxSlider.cpp; sourceTree = SOURCE_ROOT; };
		17E65988300FBD9AAA2CD0CA /* ofxGui.h */ = {isa = PBXFileReference; explicitFileType = sourcecode.c.h; fileEncoding = 30; name = ofxGui.h; path = ../../../addons/ofxGui/src/ofxGui.h; sourceTree = SOURCE_ROOT; };
		18BDF8D6A9DDAA063D9BB02C /* ftFbo.h */ = {isa = PBXFileReference; explicitFileType = sourcecode.c.h; fileEncoding = 30; name = ftFbo.h; path = ../../../addons/ofxFlowTools/src/ftFbo.h; sourceTree = SOURCE_ROOT; };
		1C0DA2561397A7DE0246858B /* ofxGuiGroup.h */ = {isa = PBXFileReference; explicitFileType = sourcecode.c.h; fileEncoding = 30; name = ofxGuiGroup.h; path = ../../../addons/ofxGui/src/ofxGuiGroup.h; sourceTree = SOURCE_ROOT; };
		1C35B6C0C6EC0AEBB13B64CD /* inkComponent.h */ = {isa = PBXFileReference; explicitFileType = sourcecode.c.h; fileEncoding = 30; name = inkComponent.h; path = src/inkComponent.h; sourceTree = SOURCE_ROOT; };
		1D30AB110D05D00D00671497 /* Foundation.framework */ = {isa = PBXFileReference; lastKnownFileType = wrapper.framework; name = Foundation.framework; path = System/Library/Frameworks/Foundation.framework; sourceTree = SDKROOT; };
		1D6058910D05DD3D006BFB54 /* Inkling.app */ = {isa = PBXFileReference; explicitFileType = wrapper.application; includeInIndex = 0; path = Inkling.app; sourceTree = BUILT_PRODUCTS_DIR; };
		1DF5F4DF0D08C38300B7A737 /* UIKit.framework */ = {isa = PBXFileReference; lastKnownFileType = wrapper.framework; name = UIKit.framework; path = System/Library/Frameworks/UIKit.framework; sourceTree = SDKROOT; };
		1E9471F754EB7EE1B0CC0D1F /* ftOpticalFlow.h */ = {isa = PBXFileReference; explicitFileType = sourcecode.c.h; fileEncoding = 30; name = ftOpticalFlow.h; path = ../../../addons/ofxFlowTools/src/opticalflow/ftOpticalFlow.h; sourceTree = SOURCE_ROOT; };
		22757F50E29B6C4E2020B4BE /* ftDrawParticleShader.h */ = {isa = PBXFileReference; explicitFileType = sourcecode.c.h; fileEncoding = 30; name = ftDrawParticleShader.h; path = ../../../addons/ofxFlowTools/src/particles/ftDrawParticleShader.h; sourceTree = SOURCE_ROOT; };
		253346E9CF7A7617C548092F /* ftGaussianBlurShader.h */ = {isa = PBXFileReference; explicitFileType = sourcecode.c.h; fileEncoding = 30; name = ftGaussianBlurShader.h; path = ../../../addons/ofxFlowTools/src/filters/ftGaussianBlurShader.h; sourceTree = SOURCE_ROOT; };
		25DEB436D7353F73022E3E0D /* ftDivergenceShader.h */ = {isa = PBXFileReference; explicitFileType = sourcecode.c.h; fileEncoding = 30; name = ftDivergenceShader.h; path = ../../../addons/ofxFlowTools/src/fluid/ftDivergenceShader.h; sourceTree = SOURCE_ROOT; };
		2633237AD5CC3DFF1BDF1161 /* ftSvFromVelocityShader.h */ = {isa = PBXFileReference; explicitFileType = sourcecode.c.h; fileEncoding = 30; name = ftSvFromVelocityShader.h; path = ../../../addons/ofxFlowTools/src/splitvelocity/ftSvFromVelocityShader.h; sourceTree = SOURCE_ROOT; };
		27D4F3A2D25707470CF63C7B /* inkMain.cpp */ = {isa = PBXFileReference; explicitFileType = sourcecode.cpp.objcpp; fileEncoding = 30; name = inkMain.cpp; path = src/inkMain.cpp; sourceTree = SOURCE_ROOT; };
		2834D88A62CD23F3DE2C47D1 /* ofxButton.h */ = {isa = PBXFileReference; explicitFileType = sourcecode.c.h; fileEncoding = 30; name = ofxButton.h; path = ../../../addons/ofxGui/src/ofxButton.h; sourceTree = SOURCE_ROOT; };
		288765FC0DF74451002DB57D /* CoreGraphics.framework */ = {isa = PBXFileReference; lastKnownFileType = wrapper.framework; name = CoreGraphics.framework; path = System/Library/Frameworks/CoreGraphics.framework; sourceTree = SDKROOT; };
		28ACBF0B88C18B573D06F071 /* ftInitPositionShader.h */ = {isa = PBXFileReference; explicitFileType = sourcecode.c.h; fileEncoding = 30; name = ftInitPositionShader.h; path = ../../../addons/ofxFlowTools/src/particles/ftInitPositionShader.h; sourceTree = SOURCE_ROOT; };
		2BBCAAB5F0183A520E795182 /* ftAddForceShader.h */ = {isa = PBXFileReference; explicitFileType = sourcecode.c.h; fileEncoding = 30; name = ftAddForceShader.h; path = ../../../addons/ofxFlowTools/src/tools/ftAddForceShader.h; sourceTree = SOURCE_ROOT; };
		2CE864E9C8D0379D3B5B63BC /* inkCharacterController.h */ = {isa = PBXFileReference; explicitFileType = sourcecode.c.h; fileEncoding = 30; name = inkCharacterController.h; path = src/inkCharacterController.h; sourceTree = SOURCE_ROOT; };
		3247B0A271D44A8D719EAA2B /* inkController.cpp */ = {isa = PBXFileReference; explicitFileType = sourcecode.cpp.cpp; fileEncoding = 30; name = inkController.cpp; path = src/inkController.cpp; sourceTree = SOURCE_ROOT; };
		32CA4F630368D1EE00C91783 /* ofxiOS_Prefix.pch */ = {isa = PBXFileReference; fileEncoding = 4; lastKnownFileType = sourcecode.c.h; path = ofxiOS_Prefix.pch; sourceTree = "<group>"; };
		370832EA91F18DBADF08ACFD /* ftJacobiShader.h */ = {isa = PBXFileReference; explicitFileType = sourcecode.c.h; fileEncoding = 30; name = ftJacobiShader.h; path = ../../../addons/ofxFlowTools/src/fluid/ftJacobiShader.h; sourceTree = SOURCE_ROOT; };
		42D777736471997687201F89 /* ftVorticitySecondPassShader.h */ = {isa = PBXFileReference; explicitFileType = sourcecode.c.h; fileEncoding = 30; name = ftVorticitySecondPassShader.h; path = ../../../addons/ofxFlowTools/src/fluid/ftVorticitySecondPassShader.h; sourceTree = SOURCE_ROOT; };
		43B813EE6486AF5708B4819F /* ftAdvectShader.h */ = {isa = PBXFileReference; explicitFileType = sourcecode.c.h; fileEncoding = 30; name = ftAdvectShader.h; path = ../../../addons/ofxFlowTools/src/fluid/ftAdvectShader.h; sourceTree = SOURCE_ROOT; };
		46B405043F51DC91A93FB390 /* ftPressureField.h */ = {isa = PBXFileReference; explicitFileType = sourcecode.c.h; fileEncoding = 30; name = ftPressureField.h; path = ../../../addons/ofxFlowTools/src/visualisation/ftPressureField.h; sourceTree = SOURCE_ROOT; };
		490DBF834A87068D2C3395A1 /* ftSvAverage.cpp */ = {isa = PBXFileReference; explicitFileType = sourcecode.cpp.cpp; fileEncoding = 30; name = ftSvAverage.cpp; path = ../../../addons/ofxFlowTools/src/splitvelocity/ftSvAverage.cpp; sourceTree = SOURCE_ROOT; };
		4CE5EFD9C3D870801C4A2CAD /* ftRedToLuminanceShader.h */ = {isa = PBXFileReference; explicitFileType = sourcecode.c.h; fileEncoding = 30; name = ftRedToLuminanceShader.h; path = ../../../addons/ofxFlowTools/src/tools/ftRedToLuminanceShader.h; sourceTree = SOURCE_ROOT; };
		4DA9F46F475B1AA6CDDC166C /* ftDensityFloatMultiplier.h */ = {isa = PBXFileReference; explicitFileType = sourcecode.c.h; fileEncoding = 30; name = ftDensityFloatMultiplier.h; path = ../../../addons/ofxFlowTools/src/tools/ftDensityFloatMultiplier.h; sourceTree = SOURCE_ROOT; };
		4E5273AB4C11B2F746600298 /* ftHSLShader.h */ = {isa = PBXFileReference; explicitFileType = sourcecode.c.h; fileEncoding = 30; name = ftHSLShader.h; path = ../../../addons/ofxFlowTools/src/filters/ftHSLShader.h; sourceTree = SOURCE_ROOT; };
		5250BCAC86C0139070F38127 /* ftAverageVelocity.cpp */ = {isa = PBXFileReference; explicitFileType = sourcecode.cpp.cpp; fileEncoding = 30; name = ftAverageVelocity.cpp; path = ../../../addons/ofxFlowTools/src/tools/ftAverageVelocity.cpp; sourceTree = SOURCE_ROOT; };
		52AFA1F08C420992CAAAE648 /* ofxSlider.h */ = {isa = PBXFileReference; explicitFileType = sourcecode.c.h; fileEncoding = 30; name = ofxSlider.h; path = ../../../addons/ofxGui/src/ofxSlider.h; sourceTree = SOURCE_ROOT; };
		5326AEA710A23A0500278DE6 /* CoreLocation.framework */ = {isa = PBXFileReference; lastKnownFileType = wrapper.framework; name = CoreLocation.framework; path = System/Library/Frameworks/CoreLocation.framework; sourceTree = SDKROOT; };
		53F323EA10A20EDB00E0DAE4 /* OpenAL.framework */ = {isa = PBXFileReference; lastKnownFileType = wrapper.framework; name = OpenAL.framework; path = System/Library/Frameworks/OpenAL.framework; sourceTree = SDKROOT; };
		5508BA8EE5492442AADB5621 /* ofxFlowTools.h */ = {isa = PBXFileReference; explicitFileType = sourcecode.c.h; fileEncoding = 30; name = ofxFlowTools.h; path = ../../../addons/ofxFlowTools/src/ofxFlowTools.h; sourceTree = SOURCE_ROOT; };
		5BAA25ECC443288AC1701455 /* ftMoveParticleShader.h */ = {isa = PBXFileReference; explicitFileType = sourcecode.c.h; fileEncoding = 30; name = ftMoveParticleShader.h; path = ../../../addons/ofxFlowTools/src/particles/ftMoveParticleShader.h; sourceTree = SOURCE_ROOT; };
		5DF5A571614820F6C13C217C /* ftSvDisplayScalar.h */ = {isa = PBXFileReference; explicitFileType = sourcecode.c.h; fileEncoding = 30; name = ftSvDisplayScalar.h; path = ../../../addons/ofxFlowTools/src/splitvelocity/ftSvDisplayScalar.h; sourceTree = SOURCE_ROOT; };
		640149D625320F098C4C6ABA /* ftEaseShader.h */ = {isa = PBXFileReference; explicitFileType = sourcecode.c.h; fileEncoding = 30; name = ftEaseShader.h; path = ../../../addons/ofxFlowTools/src/tools/ftEaseShader.h; sourceTree = SOURCE_ROOT; };
		6591B66F774811D0B071DDB7 /* ftVelocityMask.cpp */ = {isa = PBXFileReference; explicitFileType = sourcecode.cpp.cpp; fileEncoding = 30; name = ftVelocityMask.cpp; path = ../../../addons/ofxFlowTools/src/mask/ftVelocityMask.cpp; sourceTree = SOURCE_ROOT; };
		6670C1CF2263AEDFF13CC94F /* inkApp.h */ = {isa = PBXFileReference; explicitFileType = sourcecode.c.h; fileEncoding = 30; name = inkApp.h; path = src/inkApp.h; sourceTree = SOURCE_ROOT; };
		66EA260B157526C716077F8A /* ftFluidSimulation.cpp */ = {isa = PBXFileReference; explicitFileType = sourcecode.cpp.cpp; fileEncoding = 30; name = ftFluidSimulation.cpp; path = ../../../addons/ofxFlowTools/src/fluid/ftFluidSimulation.cpp; sourceTree = SOURCE_ROOT; };
		678E130717951530005B6D19 /* Icon@2x.png */ = {isa = PBXFileReference; lastKnownFileType = image.png; name = "Icon@2x.png"; path = "bin/data/Icon@2x.png"; sourceTree = "<group>"; };
		678E130917951536005B6D19 /* Icon.png */ = {isa = PBXFileReference; lastKnownFileType = image.png; name = Icon.png; path = bin/data/Icon.png; sourceTree = "<group>"; };
		678E130B1795153C005B6D19 /* Default.png */ = {isa = PBXFileReference; lastKnownFileType = image.png; name = Default.png; path = bin/data/Default.png; sourceTree = "<group>"; };
		678E130D17951540005B6D19 /* Default@2x.png */ = {isa = PBXFileReference; lastKnownFileType = image.png; name = "Default@2x.png"; path = "bin/data/Default@2x.png"; sourceTree = "<group>"; };
		678E130F17951549005B6D19 /* Default-568h@2x~iphone.png */ = {isa = PBXFileReference; lastKnownFileType = image.png; name = "Default-568h@2x~iphone.png"; path = "bin/data/Default-568h@2x~iphone.png"; sourceTree = "<group>"; };
		67DFA53419F92A5E003B3434 /* Accelerate.framework */ = {isa = PBXFileReference; lastKnownFileType = wrapper.framework; name = Accelerate.framework; path = System/Library/Frameworks/Accelerate.framework; sourceTree = SDKROOT; };
		6A092AB6F7172A3547F3C6E4 /* ftDrawForce.cpp */ = {isa = PBXFileReference; explicitFileType = sourcecode.cpp.objcpp; fileEncoding = 30; name = ftDrawForce.cpp; path = ../../../addons/ofxFlowTools/src/drawforces/ftDrawForce.cpp; sourceTree = SOURCE_ROOT; };
		703C9883DE64D22FA34A33FE /* inkXMacros.h */ = {isa = PBXFileReference; explicitFileType = sourcecode.c.h; fileEncoding = 30; name = inkXMacros.h; path = src/inkXMacros.h; sourceTree = SOURCE_ROOT; };
		71D7178293405647AB85798E /* ftLuminanceShader.h */ = {isa = PBXFileReference; explicitFileType = sourcecode.c.h; fileEncoding = 30; name = ftLuminanceShader.h; path = ../../../addons/ofxFlowTools/src/filters/ftLuminanceShader.h; sourceTree = SOURCE_ROOT; };
		729C4BECC00653460D5F2938 /* ftClampLengthShader.h */ = {isa = PBXFileReference; explicitFileType = sourcecode.c.h; fileEncoding = 30; name = ftClampLengthShader.h; path = ../../../addons/ofxFlowTools/src/tools/ftClampLengthShader.h; sourceTree = SOURCE_ROOT; };
		7829FADFC8EC396993C7A4F0 /* inkGameObject.h */ = {isa = PBXFileReference; explicitFileType = sourcecode.c.h; fileEncoding = 30; name = inkGameObject.h; path = src/inkGameObject.h; sourceTree = SOURCE_ROOT; };
		78418FB83DBBD3883FB4AA8A /* ftDisplayScalarShader.h */ = {isa = PBXFileReference; explicitFileType = sourcecode.c.h; fileEncoding = 30; name = ftDisplayScalarShader.h; path = ../../../addons/ofxFlowTools/src/visualisation/ftDisplayScalarShader.h; sourceTree = SOURCE_ROOT; };
		78892BE71A2A8C4E89AFD9DA /* ftDisplayScalar.h */ = {isa = PBXFileReference; explicitFileType = sourcecode.c.h; fileEncoding = 30; name = ftDisplayScalar.h; path = ../../../addons/ofxFlowTools/src/visualisation/ftDisplayScalar.h; sourceTree = SOURCE_ROOT; };
		78D67A00EB899FAC09430597 /* ofxLabel.cpp */ = {isa = PBXFileReference; explicitFileType = sourcecode.cpp.cpp; fileEncoding = 30; name = ofxLabel.cpp; path = ../../../addons/ofxGui/src/ofxLabel.cpp; sourceTree = SOURCE_ROOT; };
		7A31D62C5800DB5822D77FC3 /* inkLevelController.cpp */ = {isa = PBXFileReference; explicitFileType = sourcecode.cpp.cpp; fileEncoding = 30; name = inkLevelController.cpp; path = src/inkLevelController.cpp; sourceTree = SOURCE_ROOT; };
		7D255B4D67A5C2A9D8A45DBD /* ftVelocityMask.h */ = {isa = PBXFileReference; explicitFileType = sourcecode.c.h; fileEncoding = 30; name = ftVelocityMask.h; path = ../../../addons/ofxFlowTools/src/mask/ftVelocityMask.h; sourceTree = SOURCE_ROOT; };
		7DA7256623799FC90D026588 /* ftVorticityFirstPassShader.h */ = {isa = PBXFileReference; explicitFileType = sourcecode.c.h; fileEncoding = 30; name = ftVorticityFirstPassShader.h; path = ../../../addons/ofxFlowTools/src/fluid/ftVorticityFirstPassShader.h; sourceTree = SOURCE_ROOT; };
		802251BAF1B35B1D67B32FD0 /* ofxSliderGroup.cpp */ = {isa = PBXFileReference; explicitFileType = sourcecode.cpp.cpp; fileEncoding = 30; name = ofxSliderGroup.cpp; path = ../../../addons/ofxGui/src/ofxSliderGroup.cpp; sourceTree = SOURCE_ROOT; };
		867E954A21766F59506D60AA /* ftDiffuseShader.h */ = {isa = PBXFileReference; explicitFileType = sourcecode.c.h; fileEncoding = 30; name = ftDiffuseShader.h; path = ../../../addons/ofxFlowTools/src/fluid/ftDiffuseShader.h; sourceTree = SOURCE_ROOT; };
		868A35942A59385254051503 /* ftSvAverage.h */ = {isa = PBXFileReference; explicitFileType = sourcecode.c.h; fileEncoding = 30; name = ftSvAverage.h; path = ../../../addons/ofxFlowTools/src/splitvelocity/ftSvAverage.h; sourceTree = SOURCE_ROOT; };
		87F26B4B24CBD428AD9EEBAA /* ofxBaseGui.h */ = {isa = PBXFileReference; explicitFileType = sourcecode.c.h; fileEncoding = 30; name = ofxBaseGui.h; path = ../../../addons/ofxGui/src/ofxBaseGui.h; sourceTree = SOURCE_ROOT; };
		89449E3044D456F7DE7BEA14 /* ofxPanel.h */ = {isa = PBXFileReference; explicitFileType = sourcecode.c.h; fileEncoding = 30; name = ofxPanel.h; path = ../../../addons/ofxGui/src/ofxPanel.h; sourceTree = SOURCE_ROOT; };
		8D93E34B1E93E376006925EF /* .gitkeep */ = {isa = PBXFileReference; fileEncoding = 4; lastKnownFileType = text; path = .gitkeep; sourceTree = "<group>"; };
		8D93E34C1E93E376006925EF /* Default-568h@2x~iphone.png */ = {isa = PBXFileReference; lastKnownFileType = image.png; path = "Default-568h@2x~iphone.png"; sourceTree = "<group>"; };
		8D93E34D1E93E376006925EF /* Default.png */ = {isa = PBXFileReference; lastKnownFileType = image.png; path = Default.png; sourceTree = "<group>"; };
		8D93E34E1E93E376006925EF /* Default@2x.png */ = {isa = PBXFileReference; lastKnownFileType = image.png; path = "Default@2x.png"; sourceTree = "<group>"; };
		8D93E34F1E93E376006925EF /* Default@2x~ipad.png */ = {isa = PBXFileReference; lastKnownFileType = image.png; path = "Default@2x~ipad.png"; sourceTree = "<group>"; };
		8D93E3501E93E376006925EF /* Default@2x~iphone.png */ = {isa = PBXFileReference; lastKnownFileType = image.png; path = "Default@2x~iphone.png"; sourceTree = "<group>"; };
		8D93E3511E93E376006925EF /* Default~ipad.png */ = {isa = PBXFileReference; lastKnownFileType = image.png; path = "Default~ipad.png"; sourceTree = "<group>"; };
		8D93E3521E93E376006925EF /* Default~iphone.png */ = {isa = PBXFileReference; lastKnownFileType = image.png; path = "Default~iphone.png"; sourceTree = "<group>"; };
		8D93E3531E93E376006925EF /* Icon-72.png */ = {isa = PBXFileReference; lastKnownFileType = image.png; path = "Icon-72.png"; sourceTree = "<group>"; };
		8D93E3541E93E376006925EF /* Icon-72@2x.png */ = {isa = PBXFileReference; lastKnownFileType = image.png; path = "Icon-72@2x.png"; sourceTree = "<group>"; };
		8D93E3551E93E376006925EF /* Icon.png */ = {isa = PBXFileReference; lastKnownFileType = image.png; path = Icon.png; sourceTree = "<group>"; };
		8D93E3561E93E376006925EF /* Icon@2x.png */ = {isa = PBXFileReference; lastKnownFileType = image.png; path = "Icon@2x.png"; sourceTree = "<group>"; };
		8D93E36B1E93E376006925EF /* inkling.png */ = {isa = PBXFileReference; lastKnownFileType = image.png; path = inkling.png; sourceTree = "<group>"; };
		8D93E36D1E93E376006925EF /* alum.jpg */ = {isa = PBXFileReference; lastKnownFileType = image.jpeg; path = alum.jpg; sourceTree = "<group>"; };
		8D93E36E1E93E376006925EF /* alum2.jpg */ = {isa = PBXFileReference; lastKnownFileType = image.jpeg; path = alum2.jpg; sourceTree = "<group>"; };
		8D93E36F1E93E376006925EF /* alum3.jpg */ = {isa = PBXFileReference; lastKnownFileType = image.jpeg; path = alum3.jpg; sourceTree = "<group>"; };
		8D93E3701E93E376006925EF /* grain.jpg */ = {isa = PBXFileReference; lastKnownFileType = image.jpeg; path = grain.jpg; sourceTree = "<group>"; };
		8D93E3711E93E376006925EF /* grain2.jpg */ = {isa = PBXFileReference; lastKnownFileType = image.jpeg; path = grain2.jpg; sourceTree = "<group>"; };
		8D93E3721E93E376006925EF /* pinning.jpg */ = {isa = PBXFileReference; lastKnownFileType = image.jpeg; path = pinning.jpg; sourceTree = "<group>"; };
		8D93E3731E93E376006925EF /* pinning2.jpg */ = {isa = PBXFileReference; lastKnownFileType = image.jpeg; path = pinning2.jpg; sourceTree = "<group>"; };
		8D93E39B1E94C816006925EF /* alum.jpg */ = {isa = PBXFileReference; lastKnownFileType = image.jpeg; path = alum.jpg; sourceTree = "<group>"; };
		8D93E39C1E94C816006925EF /* alum2.jpg */ = {isa = PBXFileReference; lastKnownFileType = image.jpeg; path = alum2.jpg; sourceTree = "<group>"; };
		8D93E39D1E94C816006925EF /* alum3.jpg */ = {isa = PBXFileReference; lastKnownFileType = image.jpeg; path = alum3.jpg; sourceTree = "<group>"; };
		8D93E3A51E94C816006925EF /* end_screen.png */ = {isa = PBXFileReference; lastKnownFileType = image.png; path = end_screen.png; sourceTree = "<group>"; };
		8D93E3A61E94C816006925EF /* enemy_bullet.png */ = {isa = PBXFileReference; lastKnownFileType = image.png; path = enemy_bullet.png; sourceTree = "<group>"; };
		8D93E3A71E94C816006925EF /* enemy0.png */ = {isa = PBXFileReference; lastKnownFileType = image.png; path = enemy0.png; sourceTree = "<group>"; };
		8D93E3A81E94C816006925EF /* Gota_Light.otf */ = {isa = PBXFileReference; lastKnownFileType = file; path = Gota_Light.otf; sourceTree = "<group>"; };
		8D93E3A91E94C816006925EF /* grain.jpg */ = {isa = PBXFileReference; lastKnownFileType = image.jpeg; path = grain.jpg; sourceTree = "<group>"; };
		8D93E3AA1E94C816006925EF /* grain2.jpg */ = {isa = PBXFileReference; lastKnownFileType = image.jpeg; path = grain2.jpg; sourceTree = "<group>"; };
		8D93E3B01E94C816006925EF /* life_image.png */ = {isa = PBXFileReference; lastKnownFileType = image.png; path = life_image.png; sourceTree = "<group>"; };
		8D93E3B11E94C816006925EF /* pinning.jpg */ = {isa = PBXFileReference; lastKnownFileType = image.jpeg; path = pinning.jpg; sourceTree = "<group>"; };
		8D93E3B21E94C816006925EF /* pinning2.jpg */ = {isa = PBXFileReference; lastKnownFileType = image.jpeg; path = pinning2.jpg; sourceTree = "<group>"; };
		8D93E3B31E94C816006925EF /* player_bullet.png */ = {isa = PBXFileReference; lastKnownFileType = image.png; path = player_bullet.png; sourceTree = "<group>"; };
		8D93E3B41E94C816006925EF /* player.png */ = {isa = PBXFileReference; lastKnownFileType = image.png; path = player.png; sourceTree = "<group>"; };
		8D93E3B51E94C816006925EF /* spriteSheet.png */ = {isa = PBXFileReference; lastKnownFileType = image.png; path = spriteSheet.png; sourceTree = "<group>"; };
		8D93E3B61E94C816006925EF /* start_screen.png */ = {isa = PBXFileReference; lastKnownFileType = image.png; path = start_screen.png; sourceTree = "<group>"; };
		8D93E3B71E94C816006925EF /* test1.png */ = {isa = PBXFileReference; lastKnownFileType = image.png; path = test1.png; sourceTree = "<group>"; };
		8D93E3B81E94C816006925EF /* test2.png */ = {isa = PBXFileReference; lastKnownFileType = image.png; path = test2.png; sourceTree = "<group>"; };
		8D93E3B91E94C816006925EF /* test3.png */ = {isa = PBXFileReference; lastKnownFileType = image.png; path = test3.png; sourceTree = "<group>"; };
		8D93E3BA1E94C816006925EF /* test4.png */ = {isa = PBXFileReference; lastKnownFileType = image.png; path = test4.png; sourceTree = "<group>"; };
		8D93E3BB1E94C816006925EF /* test5.png */ = {isa = PBXFileReference; lastKnownFileType = image.png; path = test5.png; sourceTree = "<group>"; };
		8D93E3BC1E94C816006925EF /* test6.png */ = {isa = PBXFileReference; lastKnownFileType = image.png; path = test6.png; sourceTree = "<group>"; };
		8D93E3BD1E94C816006925EF /* test7.png */ = {isa = PBXFileReference; lastKnownFileType = image.png; path = test7.png; sourceTree = "<group>"; };
		8D93E3BE1E94C816006925EF /* test8.png */ = {isa = PBXFileReference; lastKnownFileType = image.png; path = test8.png; sourceTree = "<group>"; };
		8D93E3BF1E94C816006925EF /* test9.png */ = {isa = PBXFileReference; lastKnownFileType = image.png; path = test9.png; sourceTree = "<group>"; };
		8D93E3C01E94C816006925EF /* test10.png */ = {isa = PBXFileReference; lastKnownFileType = image.png; path = test10.png; sourceTree = "<group>"; };
		8F9605EE4B1FACD7088BCA07 /* ftDecayShader.h */ = {isa = PBXFileReference; explicitFileType = sourcecode.c.h; fileEncoding = 30; name = ftDecayShader.h; path = ../../../addons/ofxFlowTools/src/filters/ftDecayShader.h; sourceTree = SOURCE_ROOT; };
		8FDFCC972FD8649F027E03F1 /* ftVTFieldShader.h */ = {isa = PBXFileReference; explicitFileType = sourcecode.c.h; fileEncoding = 30; name = ftVTFieldShader.h; path = ../../../addons/ofxFlowTools/src/visualisation/ftVTFieldShader.h; sourceTree = SOURCE_ROOT; };
		907C5B5E104864A2D3A25745 /* ofxToggle.cpp */ = {isa = PBXFileReference; explicitFileType = sourcecode.cpp.cpp; fileEncoding = 30; name = ofxToggle.cpp; path = ../../../addons/ofxGui/src/ofxToggle.cpp; sourceTree = SOURCE_ROOT; };
		909BE75EEBCD86094D0A02DC /* inkLevelController.h */ = {isa = PBXFileReference; explicitFileType = sourcecode.c.h; fileEncoding = 30; name = inkLevelController.h; path = src/inkLevelController.h; sourceTree = SOURCE_ROOT; };
		91E4DFA41B914CDAD9DC657F /* ftParticleFlow.h */ = {isa = PBXFileReference; explicitFileType = sourcecode.c.h; fileEncoding = 30; name = ftParticleFlow.h; path = ../../../addons/ofxFlowTools/src/particles/ftParticleFlow.h; sourceTree = SOURCE_ROOT; };
		94B960DBE5477A2591C0A75F /* inkGameObjectFactory.h */ = {isa = PBXFileReference; explicitFileType = sourcecode.c.h; fileEncoding = 30; name = inkGameObjectFactory.h; path = src/inkGameObjectFactory.h; sourceTree = SOURCE_ROOT; };
		955707CBA6B73CF01FA026E4 /* ftToScalarShader.h */ = {isa = PBXFileReference; explicitFileType = sourcecode.c.h; fileEncoding = 30; name = ftToScalarShader.h; path = ../../../addons/ofxFlowTools/src/tools/ftToScalarShader.h; sourceTree = SOURCE_ROOT; };
		9604B925D32EE39065747725 /* ofxBaseGui.cpp */ = {isa = PBXFileReference; explicitFileType = sourcecode.cpp.cpp; fileEncoding = 30; name = ofxBaseGui.cpp; path = ../../../addons/ofxGui/src/ofxBaseGui.cpp; sourceTree = SOURCE_ROOT; };
		9622EE38096E699D51496D5D /* ftInvertColorShader.h */ = {isa = PBXFileReference; explicitFileType = sourcecode.c.h; fileEncoding = 30; name = ftInvertColorShader.h; path = ../../../addons/ofxFlowTools/src/tools/ftInvertColorShader.h; sourceTree = SOURCE_ROOT; };
		9B6622367727C75AC19BB37E /* ftDrawInputForces.cpp */ = {isa = PBXFileReference; explicitFileType = sourcecode.cpp.cpp; fileEncoding = 30; name = ftDrawInputForces.cpp; path = ../../../addons/ofxFlowTools/src/drawforces/ftDrawInputForces.cpp; sourceTree = SOURCE_ROOT; };
		9CF10D042A526051F4A18AEE /* ftSwapFbo.h */ = {isa = PBXFileReference; explicitFileType = sourcecode.c.h; fileEncoding = 30; name = ftSwapFbo.h; path = ../../../addons/ofxFlowTools/src/ftSwapFbo.h; sourceTree = SOURCE_ROOT; };
		A0D72BA6AD4705A413189CDE /* ftAverageVelocity.h */ = {isa = PBXFileReference; explicitFileType = sourcecode.c.h; fileEncoding = 30; name = ftAverageVelocity.h; path = ../../../addons/ofxFlowTools/src/tools/ftAverageVelocity.h; sourceTree = SOURCE_ROOT; };
		A98A79BA680075F120686FF9 /* ftDrawForceShader.h */ = {isa = PBXFileReference; explicitFileType = sourcecode.c.h; fileEncoding = 30; name = ftDrawForceShader.h; path = ../../../addons/ofxFlowTools/src/drawforces/ftDrawForceShader.h; sourceTree = SOURCE_ROOT; };
		AD4BAB412F2EAE29DEEF7D5E /* ftOpticalFlow.cpp */ = {isa = PBXFileReference; explicitFileType = sourcecode.cpp.cpp; fileEncoding = 30; name = ftOpticalFlow.cpp; path = ../../../addons/ofxFlowTools/src/opticalflow/ftOpticalFlow.cpp; sourceTree = SOURCE_ROOT; };
		ADB1559259D66D4E0C50BC13 /* inkOffenseComponent.cpp */ = {isa = PBXFileReference; explicitFileType = sourcecode.cpp.cpp; fileEncoding = 30; name = inkOffenseComponent.cpp; path = src/inkOffenseComponent.cpp; sourceTree = SOURCE_ROOT; };
		B1077448F056D357A3606ED4 /* inkSpriteComponent.cpp */ = {isa = PBXFileReference; explicitFileType = sourcecode.cpp.cpp; fileEncoding = 30; name = inkSpriteComponent.cpp; path = src/inkSpriteComponent.cpp; sourceTree = SOURCE_ROOT; };
		B2E3173A4D18A2093E23E15B /* ftSmokeBuoyancyShader.h */ = {isa = PBXFileReference; explicitFileType = sourcecode.c.h; fileEncoding = 30; name = ftSmokeBuoyancyShader.h; path = ../../../addons/ofxFlowTools/src/fluid/ftSmokeBuoyancyShader.h; sourceTree = SOURCE_ROOT; };
		B3BEDE60A8F42C523D685523 /* ftToScalar.h */ = {isa = PBXFileReference; explicitFileType = sourcecode.c.h; fileEncoding = 30; name = ftToScalar.h; path = ../../../addons/ofxFlowTools/src/tools/ftToScalar.h; sourceTree = SOURCE_ROOT; };
		B42CD7B8F98140BEC49B9DC4 /* ftVelocityFieldShader.h */ = {isa = PBXFileReference; explicitFileType = sourcecode.c.h; fileEncoding = 30; name = ftVelocityFieldShader.h; path = ../../../addons/ofxFlowTools/src/visualisation/ftVelocityFieldShader.h; sourceTree = SOURCE_ROOT; };
		B44A09A363C9011257EEB176 /* inkApp.cpp */ = {isa = PBXFileReference; explicitFileType = sourcecode.cpp.objcpp; fileEncoding = 30; name = inkApp.cpp; path = src/inkApp.cpp; sourceTree = SOURCE_ROOT; };
		B51E9F1DB42CBC60E6BE7C5C /* ftShader.h */ = {isa = PBXFileReference; explicitFileType = sourcecode.c.h; fileEncoding = 30; name = ftShader.h; path = ../../../addons/ofxFlowTools/src/ftShader.h; sourceTree = SOURCE_ROOT; };
		B81909C859879BA6051A3B00 /* inkCharacterController.cpp */ = {isa = PBXFileReference; explicitFileType = sourcecode.cpp.cpp; fileEncoding = 30; name = inkCharacterController.cpp; path = src/inkCharacterController.cpp; sourceTree = SOURCE_ROOT; };
		B87C60311EC1FE841C1ECD89 /* ofxLabel.h */ = {isa = PBXFileReference; explicitFileType = sourcecode.c.h; fileEncoding = 30; name = ofxLabel.h; path = ../../../addons/ofxGui/src/ofxLabel.h; sourceTree = SOURCE_ROOT; };
		B88CE3FFB1AF13DBFA4132F0 /* ftContrastShader.h */ = {isa = PBXFileReference; explicitFileType = sourcecode.c.h; fileEncoding = 30; name = ftContrastShader.h; path = ../../../addons/ofxFlowTools/src/filters/ftContrastShader.h; sourceTree = SOURCE_ROOT; };
		BB16EBD10F2B2A9500518274 /* OpenGLES.framework */ = {isa = PBXFileReference; lastKnownFileType = wrapper.framework; name = OpenGLES.framework; path = System/Library/Frameworks/OpenGLES.framework; sourceTree = SDKROOT; };
		BB16EBD80F2B2AB500518274 /* QuartzCore.framework */ = {isa = PBXFileReference; lastKnownFileType = wrapper.framework; name = QuartzCore.framework; path = System/Library/Frameworks/QuartzCore.framework; sourceTree = SDKROOT; };
		BB24DDC910DA781C00E9C588 /* ofxiOS-Info.plist */ = {isa = PBXFileReference; fileEncoding = 4; lastKnownFileType = text.plist.xml; path = "ofxiOS-Info.plist"; sourceTree = "<group>"; };
		BBE5EAB70F49AD8400F28951 /* AudioToolbox.framework */ = {isa = PBXFileReference; lastKnownFileType = wrapper.framework; name = AudioToolbox.framework; path = System/Library/Frameworks/AudioToolbox.framework; sourceTree = SDKROOT; };
		BF99901A3C3E3111D8D61A96 /* inkXMacros.cpp */ = {isa = PBXFileReference; explicitFileType = sourcecode.cpp.cpp; fileEncoding = 30; name = inkXMacros.cpp; path = src/inkXMacros.cpp; sourceTree = SOURCE_ROOT; };
		C3036967D3EA0A46094A4F6C /* ftSubstractGradientShader.h */ = {isa = PBXFileReference; explicitFileType = sourcecode.c.h; fileEncoding = 30; name = ftSubstractGradientShader.h; path = ../../../addons/ofxFlowTools/src/fluid/ftSubstractGradientShader.h; sourceTree = SOURCE_ROOT; };
		C3ACE7270C15F3C172093377 /* ftVelocityMaskShader.h */ = {isa = PBXFileReference; explicitFileType = sourcecode.c.h; fileEncoding = 30; name = ftVelocityMaskShader.h; path = ../../../addons/ofxFlowTools/src/mask/ftVelocityMaskShader.h; sourceTree = SOURCE_ROOT; };
		C70D8946940288799E82131E /* ofxSliderGroup.h */ = {isa = PBXFileReference; explicitFileType = sourcecode.c.h; fileEncoding = 30; name = ofxSliderGroup.h; path = ../../../addons/ofxGui/src/ofxSliderGroup.h; sourceTree = SOURCE_ROOT; };
		C88333E71C9457E441C33474 /* ofxButton.cpp */ = {isa = PBXFileReference; explicitFileType = sourcecode.cpp.cpp; fileEncoding = 30; name = ofxButton.cpp; path = ../../../addons/ofxGui/src/ofxButton.cpp; sourceTree = SOURCE_ROOT; };
		CCECE4F3743C9D58DD145BDA /* inkDefenseComponent.h */ = {isa = PBXFileReference; explicitFileType = sourcecode.c.h; fileEncoding = 30; name = inkDefenseComponent.h; path = src/inkDefenseComponent.h; sourceTree = SOURCE_ROOT; };
		CD4267FE802237D965951C85 /* inkOffenseComponent.h */ = {isa = PBXFileReference; explicitFileType = sourcecode.c.h; fileEncoding = 30; name = inkOffenseComponent.h; path = src/inkOffenseComponent.h; sourceTree = SOURCE_ROOT; };
		D20F3D291C31DF2956A11119 /* ftVelocitySpheres.h */ = {isa = PBXFileReference; explicitFileType = sourcecode.c.h; fileEncoding = 30; name = ftVelocitySpheres.h; path = ../../../addons/ofxFlowTools/src/visualisation/ftVelocitySpheres.h; sourceTree = SOURCE_ROOT; };
		DCC1219AA267FAF896528DA1 /* inkComponent.cpp */ = {isa = PBXFileReference; explicitFileType = sourcecode.cpp.cpp; fileEncoding = 30; name = inkComponent.cpp; path = src/inkComponent.cpp; sourceTree = SOURCE_ROOT; };
		DED8C6880DF40E41286EB145 /* ftDensityVec2Multiplier.h */ = {isa = PBXFileReference; explicitFileType = sourcecode.c.h; fileEncoding = 30; name = ftDensityVec2Multiplier.h; path = ../../../addons/ofxFlowTools/src/tools/ftDensityVec2Multiplier.h; sourceTree = SOURCE_ROOT; };
		E112B3AEBEA2C091BF2B40AE /* ofxPanel.cpp */ = {isa = PBXFileReference; explicitFileType = sourcecode.cpp.cpp; fileEncoding = 30; name = ofxPanel.cpp; path = ../../../addons/ofxGui/src/ofxPanel.cpp; sourceTree = SOURCE_ROOT; };
		E15025CCDB7261BAB1093B8F /* ftVTField.h */ = {isa = PBXFileReference; explicitFileType = sourcecode.c.h; fileEncoding = 30; name = ftVTField.h; path = ../../../addons/ofxFlowTools/src/visualisation/ftVTField.h; sourceTree = SOURCE_ROOT; };
		E3743D5B4DFA19DEEE3AF5D3 /* inkController.h */ = {isa = PBXFileReference; explicitFileType = sourcecode.c.h; fileEncoding = 30; name = inkController.h; path = src/inkController.h; sourceTree = SOURCE_ROOT; };
		E3D43EDDBF7078A5B1BB987A /* ftDrawForce.h */ = {isa = PBXFileReference; explicitFileType = sourcecode.c.h; fileEncoding = 30; name = ftDrawForce.h; path = ../../../addons/ofxFlowTools/src/drawforces/ftDrawForce.h; sourceTree = SOURCE_ROOT; };
		E3D886AF0718D649FD059D29 /* ftTimeBlurShader.h */ = {isa = PBXFileReference; explicitFileType = sourcecode.c.h; fileEncoding = 30; name = ftTimeBlurShader.h; path = ../../../addons/ofxFlowTools/src/filters/ftTimeBlurShader.h; sourceTree = SOURCE_ROOT; };
		E41D3ED613B38FB500A75A5D /* Project.xcconfig */ = {isa = PBXFileReference; fileEncoding = 4; lastKnownFileType = text.xcconfig; path = Project.xcconfig; sourceTree = "<group>"; };
		E41D3EE513B3906D00A75A5D /* CoreOF.xcconfig */ = {isa = PBXFileReference; fileEncoding = 4; lastKnownFileType = text.xcconfig; name = CoreOF.xcconfig; path = ../../../libs/openFrameworksCompiled/project/ios/CoreOF.xcconfig; sourceTree = SOURCE_ROOT; };
		E41D400613B39D2100A75A5D /* AVFoundation.framework */ = {isa = PBXFileReference; lastKnownFileType = wrapper.framework; name = AVFoundation.framework; path = System/Library/Frameworks/AVFoundation.framework; sourceTree = SDKROOT; };
		E41D400713B39D2100A75A5D /* CoreMedia.framework */ = {isa = PBXFileReference; lastKnownFileType = wrapper.framework; name = CoreMedia.framework; path = System/Library/Frameworks/CoreMedia.framework; sourceTree = SDKROOT; };
		E41D400813B39D2100A75A5D /* CoreVideo.framework */ = {isa = PBXFileReference; lastKnownFileType = wrapper.framework; name = CoreVideo.framework; path = System/Library/Frameworks/CoreVideo.framework; sourceTree = SDKROOT; };
		E41D400913B39D2100A75A5D /* MapKit.framework */ = {isa = PBXFileReference; lastKnownFileType = wrapper.framework; name = MapKit.framework; path = System/Library/Frameworks/MapKit.framework; sourceTree = SDKROOT; };
		E41D40FD13B3A0D800A75A5D /* iOS+OFLib.xcodeproj */ = {isa = PBXFileReference; lastKnownFileType = "wrapper.pb-project"; name = "iOS+OFLib.xcodeproj"; path = "../../../libs/openFrameworksCompiled/project/ios/iOS+OFLib.xcodeproj"; sourceTree = SOURCE_ROOT; };
		E4A823A312561BE3002F86A2 /* CoreGraphics.framework */ = {isa = PBXFileReference; lastKnownFileType = wrapper.framework; name = CoreGraphics.framework; path = System/Library/Frameworks/CoreGraphics.framework; sourceTree = SDKROOT; };
		E4D8936B11527B74007E1F53 /* main.mm */ = {isa = PBXFileReference; fileEncoding = 4; lastKnownFileType = sourcecode.cpp.objcpp; name = main.mm; path = src/main.mm; sourceTree = SOURCE_ROOT; };
		E4D8936C11527B74007E1F53 /* ofApp.h */ = {isa = PBXFileReference; fileEncoding = 4; lastKnownFileType = sourcecode.c.h; name = ofApp.h; path = src/ofApp.h; sourceTree = SOURCE_ROOT; };
		E4D8936D11527B74007E1F53 /* ofApp.mm */ = {isa = PBXFileReference; fileEncoding = 4; lastKnownFileType = sourcecode.cpp.objcpp; name = ofApp.mm; path = src/ofApp.mm; sourceTree = SOURCE_ROOT; };
		E50C7A54C55A97AD0BE994BD /* ftEOGShader.h */ = {isa = PBXFileReference; explicitFileType = sourcecode.c.h; fileEncoding = 30; name = ftEOGShader.h; path = ../../../addons/ofxFlowTools/src/filters/ftEOGShader.h; sourceTree = SOURCE_ROOT; };
		E689C8FF125A3591EA6D2F74 /* ftTemperatureFieldShader.h */ = {isa = PBXFileReference; explicitFileType = sourcecode.c.h; fileEncoding = 30; name = ftTemperatureFieldShader.h; path = ../../../addons/ofxFlowTools/src/visualisation/ftTemperatureFieldShader.h; sourceTree = SOURCE_ROOT; };
		E72B777EB52EE65388354685 /* ftFluidSimulation.h */ = {isa = PBXFileReference; explicitFileType = sourcecode.c.h; fileEncoding = 30; name = ftFluidSimulation.h; path = ../../../addons/ofxFlowTools/src/fluid/ftFluidSimulation.h; sourceTree = SOURCE_ROOT; };
		EC4179AA42E82A975E5EDC50 /* ftParticleFlow.cpp */ = {isa = PBXFileReference; explicitFileType = sourcecode.cpp.cpp; fileEncoding = 30; name = ftParticleFlow.cpp; path = ../../../addons/ofxFlowTools/src/particles/ftParticleFlow.cpp; sourceTree = SOURCE_ROOT; };
		EC7010EF6B37BFA1C8980BD5 /* ftPressureFieldShader.h */ = {isa = PBXFileReference; explicitFileType = sourcecode.c.h; fileEncoding = 30; name = ftPressureFieldShader.h; path = ../../../addons/ofxFlowTools/src/visualisation/ftPressureFieldShader.h; sourceTree = SOURCE_ROOT; };
		ECF8674C7975F1063C5E30CA /* ofxGuiGroup.cpp */ = {isa = PBXFileReference; explicitFileType = sourcecode.cpp.cpp; fileEncoding = 30; name = ofxGuiGroup.cpp; path = ../../../addons/ofxGui/src/ofxGuiGroup.cpp; sourceTree = SOURCE_ROOT; };
		ED1A55D3A92616E15C5BBB1A /* inkDefenseComponent.cpp */ = {isa = PBXFileReference; explicitFileType = sourcecode.cpp.cpp; fileEncoding = 30; name = inkDefenseComponent.cpp; path = src/inkDefenseComponent.cpp; sourceTree = SOURCE_ROOT; };
		EE27FAAD4340157A36953D18 /* ftMixForceShader.h */ = {isa = PBXFileReference; explicitFileType = sourcecode.c.h; fileEncoding = 30; name = ftMixForceShader.h; path = ../../../addons/ofxFlowTools/src/tools/ftMixForceShader.h; sourceTree = SOURCE_ROOT; };
		F00FDB6D7E6D31B37E06F96B /* ftDrawInputForces.h */ = {isa = PBXFileReference; explicitFileType = sourcecode.c.h; fileEncoding = 30; name = ftDrawInputForces.h; path = ../../../addons/ofxFlowTools/src/drawforces/ftDrawInputForces.h; sourceTree = SOURCE_ROOT; };
		F21D379BD2B3DDD74E68A57F /* ftSvDisplayScalarShader.h */ = {isa = PBXFileReference; explicitFileType = sourcecode.c.h; fileEncoding = 30; name = ftSvDisplayScalarShader.h; path = ../../../addons/ofxFlowTools/src/splitvelocity/ftSvDisplayScalarShader.h; sourceTree = SOURCE_ROOT; };
		F430932D8FF3D3EFBF775672 /* ftAgeLifespanMassSizeParticleShader.h */ = {isa = PBXFileReference; explicitFileType = sourcecode.c.h; fileEncoding = 30; name = ftAgeLifespanMassSizeParticleShader.h; path = ../../../addons/ofxFlowTools/src/particles/ftAgeLifespanMassSizeParticleShader.h; sourceTree = SOURCE_ROOT; };
		FBE502D279817680D2C770AA /* ftSwapBuffer.h */ = {isa = PBXFileReference; explicitFileType = sourcecode.c.h; fileEncoding = 30; name = ftSwapBuffer.h; path = ../../../addons/ofxFlowTools/src/ftSwapBuffer.h; sourceTree = SOURCE_ROOT; };
/* End PBXFileReference section */

/* Begin PBXFrameworksBuildPhase section */
		1D60588F0D05DD3D006BFB54 /* Frameworks */ = {
			isa = PBXFrameworksBuildPhase;
			buildActionMask = 2147483647;
			files = (
				E41D421413B3A95300A75A5D /* libofxiOS_iphoneos_Debug.a in Frameworks */,
				1D60589F0D05DD5A006BFB54 /* Foundation.framework in Frameworks */,
				1DF5F4E00D08C38300B7A737 /* UIKit.framework in Frameworks */,
				288765FD0DF74451002DB57D /* CoreGraphics.framework in Frameworks */,
				BB16EBD20F2B2A9500518274 /* OpenGLES.framework in Frameworks */,
				BB16EBD90F2B2AB500518274 /* QuartzCore.framework in Frameworks */,
				BBE5EAB80F49AD8400F28951 /* AudioToolbox.framework in Frameworks */,
				53F323EB10A20EDB00E0DAE4 /* OpenAL.framework in Frameworks */,
				5326AEA810A23A0500278DE6 /* CoreLocation.framework in Frameworks */,
				E41D400B13B39D2100A75A5D /* AVFoundation.framework in Frameworks */,
				E41D400C13B39D2100A75A5D /* CoreMedia.framework in Frameworks */,
				E41D400D13B39D2100A75A5D /* CoreVideo.framework in Frameworks */,
				E41D400E13B39D2100A75A5D /* MapKit.framework in Frameworks */,
				67DFA53619F92A69003B3434 /* Accelerate.framework in Frameworks */,
			);
			runOnlyForDeploymentPostprocessing = 0;
		};
/* End PBXFrameworksBuildPhase section */

/* Begin PBXGroup section */
		06229F9D060DC0680D315E4D /* src */ = {
			isa = PBXGroup;
			children = (
				D2ECBAF5C76F2A8E38DCECB5 /* drawforces */,
				6A5F6297ACB44A1F73F27B75 /* filters */,
				37042A211B67E7AAE7F66BED /* fluid */,
				18BDF8D6A9DDAA063D9BB02C /* ftFbo.h */,
				B51E9F1DB42CBC60E6BE7C5C /* ftShader.h */,
				FBE502D279817680D2C770AA /* ftSwapBuffer.h */,
				9CF10D042A526051F4A18AEE /* ftSwapFbo.h */,
				C9D1A917FDDA4767EE0F003A /* mask */,
				5508BA8EE5492442AADB5621 /* ofxFlowTools.h */,
				409F4945999998D29A65827E /* opticalflow */,
				FFEF4C14324021333F122BE8 /* particles */,
				2B5A9808C712F5AFB40AA36C /* splitvelocity */,
				6E097110330F60F3FF60028D /* tools */,
				3921884BF51EF7661ED64724 /* visualisation */,
			);
			name = src;
			sourceTree = "<group>";
		};
		191D5B5C65CA5D1BE82F2030 /* ofxFlowTools */ = {
			isa = PBXGroup;
			children = (
				06229F9D060DC0680D315E4D /* src */,
			);
			name = ofxFlowTools;
			sourceTree = "<group>";
		};
		19C28FACFE9D520D11CA2CBB /* Products */ = {
			isa = PBXGroup;
			children = (
				1D6058910D05DD3D006BFB54 /* Inkling.app */,
			);
			name = Products;
			sourceTree = "<group>";
		};
		29B97314FDCFA39411CA2CEA /* CustomTemplate */ = {
			isa = PBXGroup;
			children = (
				8D93E34A1E93E376006925EF /* data */,
				678E130917951536005B6D19 /* Icon.png */,
				678E130717951530005B6D19 /* Icon@2x.png */,
				678E130B1795153C005B6D19 /* Default.png */,
				678E130D17951540005B6D19 /* Default@2x.png */,
				678E130F17951549005B6D19 /* Default-568h@2x~iphone.png */,
				E4D8936A11527B74007E1F53 /* src */,
				BB24E1F710DAA51900E9C588 /* openFrameworks */,
				BB16F26B0F2B646B00518274 /* addons */,
				BB16E9930F2B1E5900518274 /* libs */,
				19C28FACFE9D520D11CA2CBB /* Products */,
			);
			name = CustomTemplate;
			sourceTree = "<group>";
		};
		29B97323FDCFA39411CA2CEA /* core frameworks */ = {
			isa = PBXGroup;
			children = (
				E41D400613B39D2100A75A5D /* AVFoundation.framework */,
				E41D400713B39D2100A75A5D /* CoreMedia.framework */,
				E41D400813B39D2100A75A5D /* CoreVideo.framework */,
				E41D400913B39D2100A75A5D /* MapKit.framework */,
				53F323EA10A20EDB00E0DAE4 /* OpenAL.framework */,
				E4A823A312561BE3002F86A2 /* CoreGraphics.framework */,
				BBE5EAB70F49AD8400F28951 /* AudioToolbox.framework */,
				BB16EBD80F2B2AB500518274 /* QuartzCore.framework */,
				BB16EBD10F2B2A9500518274 /* OpenGLES.framework */,
				1DF5F4DF0D08C38300B7A737 /* UIKit.framework */,
				1D30AB110D05D00D00671497 /* Foundation.framework */,
				288765FC0DF74451002DB57D /* CoreGraphics.framework */,
				5326AEA710A23A0500278DE6 /* CoreLocation.framework */,
				67DFA53419F92A5E003B3434 /* Accelerate.framework */,
			);
			name = "core frameworks";
			sourceTree = "<group>";
		};
		2B5A9808C712F5AFB40AA36C /* splitvelocity */ = {
			isa = PBXGroup;
			children = (
				490DBF834A87068D2C3395A1 /* ftSvAverage.cpp */,
				868A35942A59385254051503 /* ftSvAverage.h */,
				5DF5A571614820F6C13C217C /* ftSvDisplayScalar.h */,
				F21D379BD2B3DDD74E68A57F /* ftSvDisplayScalarShader.h */,
				06B28F74819034CA8C6F2225 /* ftSvField.h */,
				108835D5CFACDC64648502F4 /* ftSvFieldShader.h */,
				2633237AD5CC3DFF1BDF1161 /* ftSvFromVelocityShader.h */,
			);
			name = splitvelocity;
			sourceTree = "<group>";
		};
		37042A211B67E7AAE7F66BED /* fluid */ = {
			isa = PBXGroup;
			children = (
				43B813EE6486AF5708B4819F /* ftAdvectShader.h */,
				867E954A21766F59506D60AA /* ftDiffuseShader.h */,
				25DEB436D7353F73022E3E0D /* ftDivergenceShader.h */,
				66EA260B157526C716077F8A /* ftFluidSimulation.cpp */,
				E72B777EB52EE65388354685 /* ftFluidSimulation.h */,
				370832EA91F18DBADF08ACFD /* ftJacobiShader.h */,
				B2E3173A4D18A2093E23E15B /* ftSmokeBuoyancyShader.h */,
				C3036967D3EA0A46094A4F6C /* ftSubstractGradientShader.h */,
				7DA7256623799FC90D026588 /* ftVorticityFirstPassShader.h */,
				42D777736471997687201F89 /* ftVorticitySecondPassShader.h */,
			);
			name = fluid;
			sourceTree = "<group>";
		};
		3921884BF51EF7661ED64724 /* visualisation */ = {
			isa = PBXGroup;
			children = (
				78892BE71A2A8C4E89AFD9DA /* ftDisplayScalar.h */,
				78418FB83DBBD3883FB4AA8A /* ftDisplayScalarShader.h */,
				46B405043F51DC91A93FB390 /* ftPressureField.h */,
				EC7010EF6B37BFA1C8980BD5 /* ftPressureFieldShader.h */,
				07818DEA3E42B969F242F634 /* ftTemperatureField.h */,
				E689C8FF125A3591EA6D2F74 /* ftTemperatureFieldShader.h */,
				0D418D07961710BA2605389F /* ftVelocityField.h */,
				B42CD7B8F98140BEC49B9DC4 /* ftVelocityFieldShader.h */,
				D20F3D291C31DF2956A11119 /* ftVelocitySpheres.h */,
				141AF1017959EBF9939C1BD1 /* ftVelocitySpheresShader.h */,
				E15025CCDB7261BAB1093B8F /* ftVTField.h */,
				8FDFCC972FD8649F027E03F1 /* ftVTFieldShader.h */,
			);
			name = visualisation;
			sourceTree = "<group>";
		};
		409F4945999998D29A65827E /* opticalflow */ = {
			isa = PBXGroup;
			children = (
				AD4BAB412F2EAE29DEEF7D5E /* ftOpticalFlow.cpp */,
				1E9471F754EB7EE1B0CC0D1F /* ftOpticalFlow.h */,
				04CE6A84FA111F88EB08CDAA /* ftOpticalFlowShader.h */,
			);
			name = opticalflow;
			sourceTree = "<group>";
		};
		480A780D8D0308AE4A368801 /* ofxGui */ = {
			isa = PBXGroup;
			children = (
				A763ED608B35AE3310251DEE /* src */,
			);
			name = ofxGui;
			sourceTree = "<group>";
		};
		6948EE371B920CB800B5AC1A /* local_addons */ = {
			isa = PBXGroup;
			children = (
			);
			name = local_addons;
			sourceTree = "<group>";
		};
		6A5F6297ACB44A1F73F27B75 /* filters */ = {
			isa = PBXGroup;
			children = (
				B88CE3FFB1AF13DBFA4132F0 /* ftContrastShader.h */,
				8F9605EE4B1FACD7088BCA07 /* ftDecayShader.h */,
				E50C7A54C55A97AD0BE994BD /* ftEOGShader.h */,
				253346E9CF7A7617C548092F /* ftGaussianBlurShader.h */,
				4E5273AB4C11B2F746600298 /* ftHSLShader.h */,
				71D7178293405647AB85798E /* ftLuminanceShader.h */,
				E3D886AF0718D649FD059D29 /* ftTimeBlurShader.h */,
			);
			name = filters;
			sourceTree = "<group>";
		};
		6E097110330F60F3FF60028D /* tools */ = {
			isa = PBXGroup;
			children = (
				2BBCAAB5F0183A520E795182 /* ftAddForceShader.h */,
				5250BCAC86C0139070F38127 /* ftAverageVelocity.cpp */,
				A0D72BA6AD4705A413189CDE /* ftAverageVelocity.h */,
				729C4BECC00653460D5F2938 /* ftClampLengthShader.h */,
				4DA9F46F475B1AA6CDDC166C /* ftDensityFloatMultiplier.h */,
				DED8C6880DF40E41286EB145 /* ftDensityVec2Multiplier.h */,
				640149D625320F098C4C6ABA /* ftEaseShader.h */,
				9622EE38096E699D51496D5D /* ftInvertColorShader.h */,
				EE27FAAD4340157A36953D18 /* ftMixForceShader.h */,
				0080BFF7A479DD5E499B9AC3 /* ftNormalizationShader.h */,
				4CE5EFD9C3D870801C4A2CAD /* ftRedToLuminanceShader.h */,
				B3BEDE60A8F42C523D685523 /* ftToScalar.h */,
				955707CBA6B73CF01FA026E4 /* ftToScalarShader.h */,
			);
			name = tools;
			sourceTree = "<group>";
		};
		8D93E34A1E93E376006925EF /* data */ = {
			isa = PBXGroup;
			children = (
				8D93E39B1E94C816006925EF /* alum.jpg */,
				8D93E39C1E94C816006925EF /* alum2.jpg */,
				8D93E39D1E94C816006925EF /* alum3.jpg */,
				8D93E3A51E94C816006925EF /* end_screen.png */,
				8D93E3A61E94C816006925EF /* enemy_bullet.png */,
				8D93E3A71E94C816006925EF /* enemy0.png */,
				8D93E3A81E94C816006925EF /* Gota_Light.otf */,
				8D93E3A91E94C816006925EF /* grain.jpg */,
				8D93E3AA1E94C816006925EF /* grain2.jpg */,
				8D93E3B01E94C816006925EF /* life_image.png */,
				8D93E3B11E94C816006925EF /* pinning.jpg */,
				8D93E3B21E94C816006925EF /* pinning2.jpg */,
				8D93E3B31E94C816006925EF /* player_bullet.png */,
				8D93E3B41E94C816006925EF /* player.png */,
				8D93E3B51E94C816006925EF /* spriteSheet.png */,
				8D93E3B61E94C816006925EF /* start_screen.png */,
				8D93E3B71E94C816006925EF /* test1.png */,
				8D93E3B81E94C816006925EF /* test2.png */,
				8D93E3B91E94C816006925EF /* test3.png */,
				8D93E3BA1E94C816006925EF /* test4.png */,
				8D93E3BB1E94C816006925EF /* test5.png */,
				8D93E3BC1E94C816006925EF /* test6.png */,
				8D93E3BD1E94C816006925EF /* test7.png */,
				8D93E3BE1E94C816006925EF /* test8.png */,
				8D93E3BF1E94C816006925EF /* test9.png */,
				8D93E3C01E94C816006925EF /* test10.png */,
				8D93E34B1E93E376006925EF /* .gitkeep */,
				8D93E34C1E93E376006925EF /* Default-568h@2x~iphone.png */,
				8D93E34D1E93E376006925EF /* Default.png */,
				8D93E34E1E93E376006925EF /* Default@2x.png */,
				8D93E34F1E93E376006925EF /* Default@2x~ipad.png */,
				8D93E3501E93E376006925EF /* Default@2x~iphone.png */,
				8D93E3511E93E376006925EF /* Default~ipad.png */,
				8D93E3521E93E376006925EF /* Default~iphone.png */,
				8D93E3531E93E376006925EF /* Icon-72.png */,
				8D93E3541E93E376006925EF /* Icon-72@2x.png */,
				8D93E3551E93E376006925EF /* Icon.png */,
				8D93E3561E93E376006925EF /* Icon@2x.png */,
				8D93E36B1E93E376006925EF /* inkling.png */,
				8D93E36C1E93E376006925EF /* tex */,
			);
			name = data;
			path = bin/data;
			sourceTree = "<group>";
		};
		8D93E36C1E93E376006925EF /* tex */ = {
			isa = PBXGroup;
			children = (
				8D93E36D1E93E376006925EF /* alum.jpg */,
				8D93E36E1E93E376006925EF /* alum2.jpg */,
				8D93E36F1E93E376006925EF /* alum3.jpg */,
				8D93E3701E93E376006925EF /* grain.jpg */,
				8D93E3711E93E376006925EF /* grain2.jpg */,
				8D93E3721E93E376006925EF /* pinning.jpg */,
				8D93E3731E93E376006925EF /* pinning2.jpg */,
			);
			path = tex;
			sourceTree = "<group>";
		};
		A763ED608B35AE3310251DEE /* src */ = {
			isa = PBXGroup;
			children = (
				9604B925D32EE39065747725 /* ofxBaseGui.cpp */,
				87F26B4B24CBD428AD9EEBAA /* ofxBaseGui.h */,
				C88333E71C9457E441C33474 /* ofxButton.cpp */,
				2834D88A62CD23F3DE2C47D1 /* ofxButton.h */,
				17E65988300FBD9AAA2CD0CA /* ofxGui.h */,
				ECF8674C7975F1063C5E30CA /* ofxGuiGroup.cpp */,
				1C0DA2561397A7DE0246858B /* ofxGuiGroup.h */,
				78D67A00EB899FAC09430597 /* ofxLabel.cpp */,
				B87C60311EC1FE841C1ECD89 /* ofxLabel.h */,
				E112B3AEBEA2C091BF2B40AE /* ofxPanel.cpp */,
				89449E3044D456F7DE7BEA14 /* ofxPanel.h */,
				15F2C6477A769C03A56D1401 /* ofxSlider.cpp */,
				52AFA1F08C420992CAAAE648 /* ofxSlider.h */,
				802251BAF1B35B1D67B32FD0 /* ofxSliderGroup.cpp */,
				C70D8946940288799E82131E /* ofxSliderGroup.h */,
				907C5B5E104864A2D3A25745 /* ofxToggle.cpp */,
				0A1DAC09F322AE313A40706D /* ofxToggle.h */,
			);
			name = src;
			sourceTree = "<group>";
		};
		BB16E9930F2B1E5900518274 /* libs */ = {
			isa = PBXGroup;
			children = (
				BBE5E94E0F497BD800F28951 /* core */,
			);
			name = libs;
			sourceTree = "<group>";
		};
		BB16F26B0F2B646B00518274 /* addons */ = {
			isa = PBXGroup;
			children = (
				191D5B5C65CA5D1BE82F2030 /* ofxFlowTools */,
				480A780D8D0308AE4A368801 /* ofxGui */,
			);
			name = addons;
			sourceTree = "<group>";
		};
		BB24E1F710DAA51900E9C588 /* openFrameworks */ = {
			isa = PBXGroup;
			children = (
				E41D40FD13B3A0D800A75A5D /* iOS+OFLib.xcodeproj */,
				32CA4F630368D1EE00C91783 /* ofxiOS_Prefix.pch */,
				BB24DDC910DA781C00E9C588 /* ofxiOS-Info.plist */,
				E41D3EE513B3906D00A75A5D /* CoreOF.xcconfig */,
				6948EE371B920CB800B5AC1A /* local_addons */,
				E41D3ED613B38FB500A75A5D /* Project.xcconfig */,
			);
			name = openFrameworks;
			sourceTree = "<group>";
		};
		BBE5E94E0F497BD800F28951 /* core */ = {
			isa = PBXGroup;
			children = (
				29B97323FDCFA39411CA2CEA /* core frameworks */,
			);
			name = core;
			sourceTree = "<group>";
		};
		C9D1A917FDDA4767EE0F003A /* mask */ = {
			isa = PBXGroup;
			children = (
				6591B66F774811D0B071DDB7 /* ftVelocityMask.cpp */,
				7D255B4D67A5C2A9D8A45DBD /* ftVelocityMask.h */,
				C3ACE7270C15F3C172093377 /* ftVelocityMaskShader.h */,
			);
			name = mask;
			sourceTree = "<group>";
		};
		D2ECBAF5C76F2A8E38DCECB5 /* drawforces */ = {
			isa = PBXGroup;
			children = (
				6A092AB6F7172A3547F3C6E4 /* ftDrawForce.cpp */,
				E3D43EDDBF7078A5B1BB987A /* ftDrawForce.h */,
				A98A79BA680075F120686FF9 /* ftDrawForceShader.h */,
				9B6622367727C75AC19BB37E /* ftDrawInputForces.cpp */,
				F00FDB6D7E6D31B37E06F96B /* ftDrawInputForces.h */,
			);
			name = drawforces;
			sourceTree = "<group>";
		};
		E41D40FE13B3A0D800A75A5D /* Products */ = {
			isa = PBXGroup;
			children = (
				E41D410213B3A0D800A75A5D /* libofxiOS_iphoneos_Debug.a */,
			);
			name = Products;
			sourceTree = "<group>";
		};
		E4D8936A11527B74007E1F53 /* src */ = {
			isa = PBXGroup;
			children = (
				E4D8936B11527B74007E1F53 /* main.mm */,
				E4D8936D11527B74007E1F53 /* ofApp.mm */,
				E4D8936C11527B74007E1F53 /* ofApp.h */,
				B44A09A363C9011257EEB176 /* inkApp.cpp */,
				6670C1CF2263AEDFF13CC94F /* inkApp.h */,
				B81909C859879BA6051A3B00 /* inkCharacterController.cpp */,
				2CE864E9C8D0379D3B5B63BC /* inkCharacterController.h */,
				DCC1219AA267FAF896528DA1 /* inkComponent.cpp */,
				1C35B6C0C6EC0AEBB13B64CD /* inkComponent.h */,
				3247B0A271D44A8D719EAA2B /* inkController.cpp */,
				E3743D5B4DFA19DEEE3AF5D3 /* inkController.h */,
				ED1A55D3A92616E15C5BBB1A /* inkDefenseComponent.cpp */,
				CCECE4F3743C9D58DD145BDA /* inkDefenseComponent.h */,
				0248A9B7497138343531EAA3 /* inkGameObject.cpp */,
				7829FADFC8EC396993C7A4F0 /* inkGameObject.h */,
				94B960DBE5477A2591C0A75F /* inkGameObjectFactory.h */,
				7A31D62C5800DB5822D77FC3 /* inkLevelController.cpp */,
				909BE75EEBCD86094D0A02DC /* inkLevelController.h */,
				27D4F3A2D25707470CF63C7B /* inkMain.cpp */,
				ADB1559259D66D4E0C50BC13 /* inkOffenseComponent.cpp */,
				CD4267FE802237D965951C85 /* inkOffenseComponent.h */,
				B1077448F056D357A3606ED4 /* inkSpriteComponent.cpp */,
				0BBA336B8C15DA35D6CE4F8F /* inkSpriteComponent.h */,
				BF99901A3C3E3111D8D61A96 /* inkXMacros.cpp */,
				703C9883DE64D22FA34A33FE /* inkXMacros.h */,
			);
			path = src;
			sourceTree = SOURCE_ROOT;
		};
		FFEF4C14324021333F122BE8 /* particles */ = {
			isa = PBXGroup;
			children = (
				F430932D8FF3D3EFBF775672 /* ftAgeLifespanMassSizeParticleShader.h */,
				22757F50E29B6C4E2020B4BE /* ftDrawParticleShader.h */,
				28ACBF0B88C18B573D06F071 /* ftInitPositionShader.h */,
				5BAA25ECC443288AC1701455 /* ftMoveParticleShader.h */,
				EC4179AA42E82A975E5EDC50 /* ftParticleFlow.cpp */,
				91E4DFA41B914CDAD9DC657F /* ftParticleFlow.h */,
			);
			name = particles;
			sourceTree = "<group>";
		};
/* End PBXGroup section */

/* Begin PBXNativeTarget section */
		1D6058900D05DD3D006BFB54 /* Inkling */ = {
			isa = PBXNativeTarget;
			buildConfigurationList = 1D6058960D05DD3E006BFB54 /* Build configuration list for PBXNativeTarget "Inkling" */;
			buildPhases = (
				1D60588D0D05DD3D006BFB54 /* Resources */,
				1D60588E0D05DD3D006BFB54 /* Sources */,
				1D60588F0D05DD3D006BFB54 /* Frameworks */,
				9255DD331112741900D6945E /* ShellScript */,
			);
			buildRules = (
			);
			dependencies = (
				E41D410413B3A11300A75A5D /* PBXTargetDependency */,
			);
			name = Inkling;
			productName = iPhone;
			productReference = 1D6058910D05DD3D006BFB54 /* Inkling.app */;
			productType = "com.apple.product-type.application";
		};
/* End PBXNativeTarget section */

/* Begin PBXProject section */
		29B97313FDCFA39411CA2CEA /* Project object */ = {
			isa = PBXProject;
			attributes = {
				LastUpgradeCheck = 0830;
				TargetAttributes = {
					1D6058900D05DD3D006BFB54 = {
						DevelopmentTeam = BLREQ764V8;
					};
				};
			};
			buildConfigurationList = C01FCF4E08A954540054247B /* Build configuration list for PBXProject "Inkling" */;
			compatibilityVersion = "Xcode 8.0";
			developmentRegion = English;
			hasScannedForEncodings = 1;
			knownRegions = (
				English,
				Japanese,
				French,
				German,
			);
			mainGroup = 29B97314FDCFA39411CA2CEA /* CustomTemplate */;
			projectDirPath = "";
			projectReferences = (
				{
					ProductGroup = E41D40FE13B3A0D800A75A5D /* Products */;
					ProjectRef = E41D40FD13B3A0D800A75A5D /* iOS+OFLib.xcodeproj */;
				},
			);
			projectRoot = "";
			targets = (
				1D6058900D05DD3D006BFB54 /* Inkling */,
			);
		};
/* End PBXProject section */

/* Begin PBXReferenceProxy section */
		E41D410213B3A0D800A75A5D /* libofxiOS_iphoneos_Debug.a */ = {
			isa = PBXReferenceProxy;
			fileType = archive.ar;
			path = libofxiOS_iphoneos_Debug.a;
			remoteRef = E41D410113B3A0D800A75A5D /* PBXContainerItemProxy */;
			sourceTree = BUILT_PRODUCTS_DIR;
		};
/* End PBXReferenceProxy section */

/* Begin PBXResourcesBuildPhase section */
		1D60588D0D05DD3D006BFB54 /* Resources */ = {
			isa = PBXResourcesBuildPhase;
			buildActionMask = 2147483647;
			files = (
				8D93E3D91E94C816006925EF /* player_bullet.png in Resources */,
				678E130817951530005B6D19 /* Icon@2x.png in Resources */,
				678E130A17951536005B6D19 /* Icon.png in Resources */,
				8D93E37D1E93E376006925EF /* Icon-72@2x.png in Resources */,
				8D93E3791E93E376006925EF /* Default@2x~iphone.png in Resources */,
				8D93E3D81E94C816006925EF /* pinning2.jpg in Resources */,
				8D93E37E1E93E376006925EF /* Icon.png in Resources */,
				8D93E3E31E94C816006925EF /* test7.png in Resources */,
				678E130C1795153C005B6D19 /* Default.png in Resources */,
				8D93E3E51E94C816006925EF /* test9.png in Resources */,
				8D93E37B1E93E376006925EF /* Default~iphone.png in Resources */,
				8D93E3D71E94C816006925EF /* pinning.jpg in Resources */,
				8D93E3C11E94C816006925EF /* alum.jpg in Resources */,
				8D93E37C1E93E376006925EF /* Icon-72.png in Resources */,
				8D93E37A1E93E376006925EF /* Default~ipad.png in Resources */,
				8D93E3D61E94C816006925EF /* life_image.png in Resources */,
				8D93E3771E93E376006925EF /* Default@2x.png in Resources */,
				8D93E3E21E94C816006925EF /* test6.png in Resources */,
				8D93E3CE1E94C816006925EF /* Gota_Light.otf in Resources */,
				8D93E3E41E94C816006925EF /* test8.png in Resources */,
				8D93E3DA1E94C816006925EF /* player.png in Resources */,
				8D93E3CF1E94C816006925EF /* grain.jpg in Resources */,
				8D93E3761E93E376006925EF /* Default.png in Resources */,
				8D93E3DC1E94C816006925EF /* start_screen.png in Resources */,
				8D93E3CD1E94C816006925EF /* enemy0.png in Resources */,
				8D93E3DB1E94C816006925EF /* spriteSheet.png in Resources */,
				8D93E3E61E94C816006925EF /* test10.png in Resources */,
				8D93E3DD1E94C816006925EF /* test1.png in Resources */,
				8D93E3DE1E94C816006925EF /* test2.png in Resources */,
				8D93E3D01E94C816006925EF /* grain2.jpg in Resources */,
				8D93E3931E93E376006925EF /* inkling.png in Resources */,
				8D93E3CC1E94C816006925EF /* enemy_bullet.png in Resources */,
				8D93E3E01E94C816006925EF /* test4.png in Resources */,
				8D93E3E11E94C816006925EF /* test5.png in Resources */,
				8D93E3C31E94C816006925EF /* alum3.jpg in Resources */,
				8D93E3781E93E376006925EF /* Default@2x~ipad.png in Resources */,
				8D93E3741E93E376006925EF /* .gitkeep in Resources */,
				8D93E3C21E94C816006925EF /* alum2.jpg in Resources */,
				8D93E37F1E93E376006925EF /* Icon@2x.png in Resources */,
				8D93E3751E93E376006925EF /* Default-568h@2x~iphone.png in Resources */,
				678E130E17951540005B6D19 /* Default@2x.png in Resources */,
				678E131017951549005B6D19 /* Default-568h@2x~iphone.png in Resources */,
				8D93E3CB1E94C816006925EF /* end_screen.png in Resources */,
				8D93E3DF1E94C816006925EF /* test3.png in Resources */,
			);
			runOnlyForDeploymentPostprocessing = 0;
		};
/* End PBXResourcesBuildPhase section */

/* Begin PBXShellScriptBuildPhase section */
		9255DD331112741900D6945E /* ShellScript */ = {
			isa = PBXShellScriptBuildPhase;
			buildActionMask = 2147483647;
			files = (
			);
			inputPaths = (
			);
			outputPaths = (
			);
			runOnlyForDeploymentPostprocessing = 0;
			shellPath = /bin/sh;
			shellScript = "rsync -avz --exclude='.DS_Store' \"${SRCROOT}/bin/data/\" \"${TARGET_BUILD_DIR}/${UNLOCALIZED_RESOURCES_FOLDER_PATH}\"";
		};
/* End PBXShellScriptBuildPhase section */

/* Begin PBXSourcesBuildPhase section */
		1D60588E0D05DD3D006BFB54 /* Sources */ = {
			isa = PBXSourcesBuildPhase;
			buildActionMask = 2147483647;
			files = (
				E4D8936E11527B74007E1F53 /* main.mm in Sources */,
				E4D8936F11527B74007E1F53 /* ofApp.mm in Sources */,
				5C3CD715C7DD152BBCE0AC53 /* inkApp.cpp in Sources */,
				EAFC3EAB31D95004857773E4 /* inkCharacterController.cpp in Sources */,
				21812B9CB139F29A038DB2F6 /* inkComponent.cpp in Sources */,
				FC9470B83E4E565BC7A4DF51 /* inkController.cpp in Sources */,
				43997DE3EA50F4FC06C65045 /* inkDefenseComponent.cpp in Sources */,
				852D5F1D4F511DAD0B1EAE47 /* inkGameObject.cpp in Sources */,
				0315F800DA7B7CB4CB54D127 /* inkLevelController.cpp in Sources */,
				6FA4BC90998A8D5D8AD28E8C /* inkMain.cpp in Sources */,
				B93BDC34E50D0ECB4744B90E /* inkOffenseComponent.cpp in Sources */,
				CAA40FB3589E69560E0FE98D /* inkSpriteComponent.cpp in Sources */,
				883C990C60510C207742B8A4 /* inkXMacros.cpp in Sources */,
				4166D6A6757F613CED499577 /* ftDrawForce.cpp in Sources */,
				9199A1F799437E1064918393 /* ftDrawInputForces.cpp in Sources */,
				AFBC335CC80DC27DCC9E70D7 /* ftFluidSimulation.cpp in Sources */,
				D1C26E826A2EA39A4D25FF84 /* ftVelocityMask.cpp in Sources */,
				54FAC54E7E1116A49955101E /* ftOpticalFlow.cpp in Sources */,
				77FBBEE103C3E71E8C9510E0 /* ftParticleFlow.cpp in Sources */,
				EA4D64CEEDE66ADC4ECB126B /* ftSvAverage.cpp in Sources */,
				8EA04B616D228D22AEC6C9C8 /* ftAverageVelocity.cpp in Sources */,
				856AA354D08AB4B323081444 /* ofxBaseGui.cpp in Sources */,
				5CBB2AB3A60F65431D7B555D /* ofxButton.cpp in Sources */,
				B266578FC55D23BFEBC042E7 /* ofxGuiGroup.cpp in Sources */,
				483908258D00B98B4BE69F07 /* ofxLabel.cpp in Sources */,
				F285EB3169F1566CA3D93C20 /* ofxPanel.cpp in Sources */,
				837220E80EB56CD44AD27F2A /* ofxSlider.cpp in Sources */,
				B56FE57CC35806596D38118C /* ofxSliderGroup.cpp in Sources */,
				1CD33E884D9E3358252E82A1 /* ofxToggle.cpp in Sources */,
			);
			runOnlyForDeploymentPostprocessing = 0;
		};
/* End PBXSourcesBuildPhase section */

/* Begin PBXTargetDependency section */
		E41D410413B3A11300A75A5D /* PBXTargetDependency */ = {
			isa = PBXTargetDependency;
			name = "iPhone+OF Static Library";
			targetProxy = E41D410313B3A11300A75A5D /* PBXContainerItemProxy */;
		};
/* End PBXTargetDependency section */

/* Begin XCBuildConfiguration section */
		1D6058940D05DD3E006BFB54 /* Debug */ = {
			isa = XCBuildConfiguration;
			buildSettings = {
				ALWAYS_SEARCH_USER_PATHS = NO;
				CLANG_CXX_LANGUAGE_STANDARD = "c++14";
				DEVELOPMENT_TEAM = BLREQ764V8;
				GCC_PRECOMPILE_PREFIX_HEADER = YES;
				GCC_PREFIX_HEADER = ofxiOS_Prefix.pch;
				"GCC_WARN_64_TO_32_BIT_CONVERSION[arch=*64]" = NO;
				INFOPLIST_FILE = "ofxiOS-Info.plist";
				IPHONEOS_DEPLOYMENT_TARGET = 10.3;
				ONLY_ACTIVE_ARCH = YES;
				PRODUCT_BUNDLE_IDENTIFIER = "${PRODUCT_NAME:identifier}";
				PRODUCT_NAME = "${TARGET_NAME}";
				TARGETED_DEVICE_FAMILY = 2;
				VALID_ARCHS = "$(ARCHS_STANDARD)";
			};
			name = Debug;
		};
		1D6058950D05DD3E006BFB54 /* Release */ = {
			isa = XCBuildConfiguration;
			buildSettings = {
				CLANG_CXX_LANGUAGE_STANDARD = "c++14";
				DEVELOPMENT_TEAM = BLREQ764V8;
				GCC_PRECOMPILE_PREFIX_HEADER = YES;
				GCC_PREFIX_HEADER = ofxiOS_Prefix.pch;
				"GCC_WARN_64_TO_32_BIT_CONVERSION[arch=*64]" = NO;
				INFOPLIST_FILE = "ofxiOS-Info.plist";
				IPHONEOS_DEPLOYMENT_TARGET = 10.3;
				ONLY_ACTIVE_ARCH = YES;
				PRODUCT_BUNDLE_IDENTIFIER = "${PRODUCT_NAME:identifier}";
				PRODUCT_NAME = "${TARGET_NAME}";
				TARGETED_DEVICE_FAMILY = 2;
				VALID_ARCHS = "$(ARCHS_STANDARD)";
			};
			name = Release;
		};
		C01FCF4F08A954540054247B /* Debug */ = {
			isa = XCBuildConfiguration;
			baseConfigurationReference = E41D3ED613B38FB500A75A5D /* Project.xcconfig */;
			buildSettings = {
				ALWAYS_SEARCH_USER_PATHS = YES;
				CLANG_ANALYZER_LOCALIZABILITY_NONLOCALIZED = YES;
				CLANG_CXX_LANGUAGE_STANDARD = "c++14";
				CLANG_CXX_LIBRARY = "libc++";
				CLANG_WARN_BOOL_CONVERSION = YES;
				CLANG_WARN_CONSTANT_CONVERSION = YES;
				CLANG_WARN_EMPTY_BODY = YES;
				CLANG_WARN_ENUM_CONVERSION = YES;
				CLANG_WARN_INFINITE_RECURSION = YES;
				CLANG_WARN_INT_CONVERSION = YES;
				CLANG_WARN_SUSPICIOUS_MOVE = YES;
				CLANG_WARN_UNREACHABLE_CODE = YES;
				CLANG_WARN__DUPLICATE_METHOD_MATCH = YES;
				CODE_SIGN_IDENTITY = "";
				"CODE_SIGN_IDENTITY[sdk=iphoneos*]" = "iPhone Developer";
				"CODE_SIGN_IDENTITY[sdk=iphonesimulator*]" = "";
				COMPRESS_PNG_FILES = NO;
				ENABLE_STRICT_OBJC_MSGSEND = YES;
				ENABLE_TESTABILITY = YES;
				GCC_C_LANGUAGE_STANDARD = c11;
				GCC_NO_COMMON_BLOCKS = YES;
				GCC_OPTIMIZATION_LEVEL = 0;
				GCC_SYMBOLS_PRIVATE_EXTERN = NO;
				GCC_WARN_64_TO_32_BIT_CONVERSION = YES;
				"GCC_WARN_64_TO_32_BIT_CONVERSION[arch=*64]" = NO;
				GCC_WARN_ABOUT_INVALID_OFFSETOF_MACRO = NO;
				GCC_WARN_ABOUT_POINTER_SIGNEDNESS = NO;
				GCC_WARN_ABOUT_RETURN_TYPE = YES;
				GCC_WARN_ALLOW_INCOMPLETE_PROTOCOL = NO;
				GCC_WARN_PROTOTYPE_CONVERSION = NO;
				GCC_WARN_UNDECLARED_SELECTOR = YES;
				GCC_WARN_UNINITIALIZED_AUTOS = YES;
				GCC_WARN_UNUSED_FUNCTION = YES;
				GCC_WARN_UNUSED_VARIABLE = YES;
				HEADER_SEARCH_PATHS = (
					"$(OF_CORE_HEADERS)",
					src,
					../../../addons/ofxFlowTools/src,
					../../../addons/ofxFlowTools/src/drawforces,
					../../../addons/ofxFlowTools/src/filters,
					../../../addons/ofxFlowTools/src/fluid,
					../../../addons/ofxFlowTools/src/mask,
					../../../addons/ofxFlowTools/src/opticalflow,
					../../../addons/ofxFlowTools/src/particles,
					../../../addons/ofxFlowTools/src/splitvelocity,
					../../../addons/ofxFlowTools/src/tools,
					../../../addons/ofxFlowTools/src/visualisation,
					../../../addons/ofxGui/src,
					GLES3,
				);
				IPHONEOS_DEPLOYMENT_TARGET = 10.3;
				ONLY_ACTIVE_ARCH = YES;
				"PROVISIONING_PROFILE[sdk=iphoneos*]" = "";
				SDKROOT = iphoneos;
				TARGETED_DEVICE_FAMILY = 2;
				USER_HEADER_SEARCH_PATHS = "";
				USE_HEADERMAP = YES;
				VALID_ARCHS = "$(ARCHS_STANDARD)";
				WARNING_LDFLAGS = "-no_arch_warnings";
			};
			name = Debug;
		};
		C01FCF5008A954540054247B /* Release */ = {
			isa = XCBuildConfiguration;
			baseConfigurationReference = E41D3ED613B38FB500A75A5D /* Project.xcconfig */;
			buildSettings = {
				ALWAYS_SEARCH_USER_PATHS = YES;
				CLANG_ANALYZER_LOCALIZABILITY_NONLOCALIZED = YES;
				CLANG_CXX_LANGUAGE_STANDARD = "c++14";
				CLANG_CXX_LIBRARY = "libc++";
				CLANG_WARN_BOOL_CONVERSION = YES;
				CLANG_WARN_CONSTANT_CONVERSION = YES;
				CLANG_WARN_EMPTY_BODY = YES;
				CLANG_WARN_ENUM_CONVERSION = YES;
				CLANG_WARN_INFINITE_RECURSION = YES;
				CLANG_WARN_INT_CONVERSION = YES;
				CLANG_WARN_SUSPICIOUS_MOVE = YES;
				CLANG_WARN_UNREACHABLE_CODE = YES;
				CLANG_WARN__DUPLICATE_METHOD_MATCH = YES;
				CODE_SIGN_IDENTITY = "";
				"CODE_SIGN_IDENTITY[sdk=iphoneos*]" = "iPhone Developer";
				"CODE_SIGN_IDENTITY[sdk=iphonesimulator*]" = "";
				COMPRESS_PNG_FILES = NO;
				ENABLE_STRICT_OBJC_MSGSEND = YES;
				GCC_C_LANGUAGE_STANDARD = c11;
				GCC_DYNAMIC_NO_PIC = NO;
				GCC_GENERATE_DEBUGGING_SYMBOLS = NO;
				GCC_NO_COMMON_BLOCKS = YES;
				GCC_OPTIMIZATION_LEVEL = s;
				GCC_SYMBOLS_PRIVATE_EXTERN = NO;
				GCC_THUMB_SUPPORT = NO;
				GCC_WARN_64_TO_32_BIT_CONVERSION = YES;
				"GCC_WARN_64_TO_32_BIT_CONVERSION[arch=*64]" = NO;
				GCC_WARN_ABOUT_RETURN_TYPE = YES;
				GCC_WARN_UNDECLARED_SELECTOR = YES;
				GCC_WARN_UNINITIALIZED_AUTOS = YES;
				GCC_WARN_UNUSED_FUNCTION = YES;
				GCC_WARN_UNUSED_VARIABLE = YES;
				HEADER_SEARCH_PATHS = (
					"$(OF_CORE_HEADERS)",
					src,
					../../../addons/ofxFlowTools/src,
					../../../addons/ofxFlowTools/src/drawforces,
					../../../addons/ofxFlowTools/src/filters,
					../../../addons/ofxFlowTools/src/fluid,
					../../../addons/ofxFlowTools/src/mask,
					../../../addons/ofxFlowTools/src/opticalflow,
					../../../addons/ofxFlowTools/src/particles,
					../../../addons/ofxFlowTools/src/splitvelocity,
					../../../addons/ofxFlowTools/src/tools,
					../../../addons/ofxFlowTools/src/visualisation,
					../../../addons/ofxGui/src,
					GLES3,
				);
				IPHONEOS_DEPLOYMENT_TARGET = 10.3;
				ONLY_ACTIVE_ARCH = NO;
				SDKROOT = iphoneos;
				TARGETED_DEVICE_FAMILY = 2;
				USER_HEADER_SEARCH_PATHS = "";
				USE_HEADERMAP = YES;
				VALID_ARCHS = "$(ARCHS_STANDARD)";
				WARNING_LDFLAGS = "-no_arch_warnings";
			};
			name = Release;
		};
/* End XCBuildConfiguration section */

/* Begin XCConfigurationList section */
		1D6058960D05DD3E006BFB54 /* Build configuration list for PBXNativeTarget "Inkling" */ = {
			isa = XCConfigurationList;
			buildConfigurations = (
				1D6058940D05DD3E006BFB54 /* Debug */,
				1D6058950D05DD3E006BFB54 /* Release */,
			);
			defaultConfigurationIsVisible = 0;
			defaultConfigurationName = Release;
		};
		C01FCF4E08A954540054247B /* Build configuration list for PBXProject "Inkling" */ = {
			isa = XCConfigurationList;
			buildConfigurations = (
				C01FCF4F08A954540054247B /* Debug */,
				C01FCF5008A954540054247B /* Release */,
			);
			defaultConfigurationIsVisible = 0;
			defaultConfigurationName = Release;
		};
/* End XCConfigurationList section */
	};
	rootObject = 29B97313FDCFA39411CA2CEA /* Project object */;
}
